PODS:
  - Alamofire (5.0.0)
  - BlueSocket (1.0.52)
  - CocoaAsyncSocket (7.6.4)
  - CodableJSON (1.2.0)
  - mkall (0.7.0)
  - Nimble (8.0.5)
  - nntool-shared-swift (0.0.1):
    - CodableJSON (~> 1.2.0)
    - Repeat (~> 0.5.8)
    - SwiftLint (~> 0.39.1)
    - XCGLogger (~> 7.0.1)
  - ObjcExceptionBridging (1.0.1):
    - ObjcExceptionBridging/ObjcExceptionBridging (= 1.0.1)
  - ObjcExceptionBridging/ObjcExceptionBridging (1.0.1)
  - qos-client-cpp (0.0.1)
  - Repeat (0.5.8)
  - SwiftLint (0.39.1)
  - WKWebViewWithURLProtocol (0.1.0)
  - XCGLogger (7.0.1):
    - XCGLogger/Core (= 7.0.1)
  - XCGLogger/Core (7.0.1):
    - ObjcExceptionBridging

DEPENDENCIES:
  - Alamofire (~> 5.0.0)
  - BlueSocket (~> 1.0.52)
  - CocoaAsyncSocket (~> 7.6.3)
  - mkall (from `https://github.com/measurement-kit/mkall-ios.git`, tag `v0.7.0`)
  - Nimble (~> 8.0.5)
  - nntool-shared-swift (from `../nntool-shared-swift`)
  - qos-client-cpp (from `../qos-cpp`)
  - WKWebViewWithURLProtocol (~> 0.1.0)

SPEC REPOS:
  trunk:
    - Alamofire
    - BlueSocket
    - CocoaAsyncSocket
    - CodableJSON
    - Nimble
    - ObjcExceptionBridging
    - Repeat
    - SwiftLint
    - WKWebViewWithURLProtocol
    - XCGLogger

EXTERNAL SOURCES:
  mkall:
    :git: https://github.com/measurement-kit/mkall-ios.git
    :tag: v0.7.0
  nntool-shared-swift:
    :path: "../nntool-shared-swift"
  qos-client-cpp:
    :path: "../qos-cpp"

CHECKOUT OPTIONS:
  mkall:
    :git: https://github.com/measurement-kit/mkall-ios.git
    :tag: v0.7.0

SPEC CHECKSUMS:
  Alamofire: 58ff2bfb8daaacaa233d5c36e37b10a5248f59b1
  BlueSocket: 1acd943acb07b55905291d608649fcfbf8cbd57d
  CocoaAsyncSocket: 694058e7c0ed05a9e217d1b3c7ded962f4180845
  CodableJSON: 3e91bb0cead42e788d8fe64b8b07761c83ad7758
  mkall: 601441b8ca8f9d8dbad357acd3570173854b45f8
  Nimble: 4ab1aeb9b45553c75b9687196b0fa0713170a332
  nntool-shared-swift: c9a7bd0cb182da4e0008aa8b2a66cececbf4dba7
  ObjcExceptionBridging: c30e00eb3700467e695faeea30e26e18bd445001
  qos-client-cpp: 25de2249179f5eb0f521723d1d5a5d61aa5ccfc0
  Repeat: 8e65710d09da68f06ed79e865b091ffdcc8d0279
  SwiftLint: 55e96a4a4d537d4a3156859fc1c54bd24851a046
  WKWebViewWithURLProtocol: f7f2b367c40680105794a068ed2bb2cd5922c27c
  XCGLogger: 1943831ef907df55108b0b18657953f868de973b

PODFILE CHECKSUM: 2df9780c454e1683a65aeb22d05802b5631bb9f5

COCOAPODS: 1.8.4
