PODS:
  - Alamofire (4.8.2)
  - BartyCrouch (3.13.0)
  - CocoaAsyncSocket (7.6.3)
  - CocoaLumberjack (3.5.2):
    - CocoaLumberjack/Core (= 3.5.2)
  - CocoaLumberjack/Core (3.5.2)
  - CodableJSON (1.1.4)
  - FMDB (2.7.5):
    - FMDB/standard (= 2.7.5)
  - FMDB/standard (2.7.5)
  - MeasurementAgentKit (0.0.1):
    - nntool-shared-swift (~> 0.0.1)
    - ReachabilitySwift (~> 5.0.0-beta1)
    - Siesta (~> 1.4.3)
  - nntool-shared-swift (0.0.1):
    - CodableJSON (~> 1.1.4)
    - Repeat (~> 0.5.7)
    - SwiftLint (~> 0.31.0)
    - XCGLogger (~> 7.0.0)
  - ObjcExceptionBridging (1.0.1):
    - ObjcExceptionBridging/ObjcExceptionBridging (= 1.0.1)
  - ObjcExceptionBridging/ObjcExceptionBridging (1.0.1)
  - PaginatedTableView (0.1.0)
  - PocketSocket (1.0.1):
    - PocketSocket/Client (= 1.0.1)
    - PocketSocket/Core (= 1.0.1)
    - PocketSocket/Server (= 1.0.1)
  - PocketSocket/Client (1.0.1):
    - PocketSocket/Core
  - PocketSocket/Core (1.0.1)
  - PocketSocket/Server (1.0.1):
    - PocketSocket/Client
  - QoSKit (0.0.1):
    - Alamofire (~> 4.8.2)
    - CocoaAsyncSocket (~> 7.6.3)
    - nntool-shared-swift (~> 0.0.1)
  - R.swift (5.0.3):
    - R.swift.Library (~> 5.0.0)
  - R.swift.Library (5.0.1)
  - ReachabilitySwift (5.0.0-beta1)
  - Repeat (0.5.7)
  - Siesta (1.4.3):
    - Siesta/Core (= 1.4.3)
  - Siesta/Core (1.4.3)
  - SwiftGen (6.1.0)
  - SwiftLint (0.31.0)
  - WebBrowser (0.1.5)
  - XCGLogger (7.0.0):
    - XCGLogger/Core (= 7.0.0)
  - XCGLogger/Core (7.0.0):
    - ObjcExceptionBridging

DEPENDENCIES:
  - BartyCrouch (~> 3.13.0)
  - CocoaLumberjack (>= 3.4.2)
  - FMDB (>= 2.7.2)
  - MeasurementAgentKit (from `../measurement-agent-swift`)
  - nntool-shared-swift (from `../nntool-shared-swift`)
  - PaginatedTableView (~> 0.1.0)
  - PocketSocket (from `../PocketSocket`)
  - QoSKit (from `../qos-client-swift`)
  - R.swift (~> 5.0.3)
  - SwiftGen (~> 6.1.0)
  - WebBrowser (~> 0.1.5)

SPEC REPOS:
  https://github.com/cocoapods/specs.git:
    - Alamofire
    - BartyCrouch
    - CocoaAsyncSocket
    - CocoaLumberjack
    - CodableJSON
    - FMDB
    - ObjcExceptionBridging
    - PaginatedTableView
    - R.swift
    - R.swift.Library
    - ReachabilitySwift
    - Repeat
    - Siesta
    - SwiftGen
    - SwiftLint
    - WebBrowser
    - XCGLogger

EXTERNAL SOURCES:
  MeasurementAgentKit:
    :path: "../measurement-agent-swift"
  nntool-shared-swift:
    :path: "../nntool-shared-swift"
  PocketSocket:
    :path: "../PocketSocket"
  QoSKit:
    :path: "../qos-client-swift"

SPEC CHECKSUMS:
  Alamofire: ae5c501addb7afdbb13687d7f2f722c78734c2d3
  BartyCrouch: 69e5e6ec67e77951dc1c22aa48abbf05d175b81c
  CocoaAsyncSocket: eafaa68a7e0ec99ead0a7b35015e0bf25d2c8987
  CocoaLumberjack: 118bf4a820efc641f79fa487b75ed928dccfae23
  CodableJSON: 4914e03831490a4714b9e6d114218a18599cd39f
  FMDB: 2ce00b547f966261cd18927a3ddb07cb6f3db82a
  MeasurementAgentKit: ee7929596184ed2f8e1f1c00882ead4298f965d7
  nntool-shared-swift: 7955a6c51917bcf2f42316eb259da095c80a7398
  ObjcExceptionBridging: c30e00eb3700467e695faeea30e26e18bd445001
  PaginatedTableView: 14025b52a9f88bb1e9a87f31765eae7986ffb192
  PocketSocket: 9c6867d66fb4f962af96b9b07f4b45bb561b2c2a
  QoSKit: d85bee1116e983af2b481d9cb3458ed71244ba41
  R.swift: f5a87643b91ea569d23d6afb3eee9c743edde239
  R.swift.Library: cfe85d569d9bae6cb262922db130e7c3a7a5fad1
  ReachabilitySwift: 93a5956ef3f076d7e24bc65bfb1c5042e69b7276
  Repeat: 73c5ee602aed8f3c7bf1aa12d4cd0d3dc3edea0a
  Siesta: 83795fdf6a43232d1d2909e1a3dfb92ab5916d26
  SwiftGen: f872ca75cbd17bf7103c17f13dcfa0d9a15667b0
  SwiftLint: 7a0227733d786395817373b2d0ca799fd0093ff3
  WebBrowser: 0248873c77f54e2ac504ece7c2bc8eeb710b5a4f
  XCGLogger: 0434f15e3909cdc450bb63faf638b8792ab782ab

PODFILE CHECKSUM: d70ad42e0785c7948d053d136833af2319439737

COCOAPODS: 1.7.1
