{
  "name": "nntool",
  "version": "1.0.0",
  "lockfileVersion": 1,
  "requires": true,
  "dependencies": {
    "async": {
      "version": "3.1.0",
      "resolved": "https://registry.npmjs.org/async/-/async-3.1.0.tgz",
      "integrity": "sha512-4vx/aaY6j/j3Lw3fbCHNWP0pPaTCew3F6F3hYyl/tHs/ndmV1q7NW9T5yuJ2XAGwdQrP+6Wu20x06U4APo/iQQ=="
    },
    "async-limiter": {
      "version": "1.0.1",
      "resolved": "https://registry.npmjs.org/async-limiter/-/async-limiter-1.0.1.tgz",
      "integrity": "sha512-csOlWGAcRFJaI6m+F2WKdnMKr4HhdhFVBk0H/QbJFMCr+uO2kwohwXQPxw/9OCxp05r5ghVBFSyioixx3gfkNQ=="
    },
    "clean-stack": {
      "version": "2.2.0",
      "resolved": "https://registry.npmjs.org/clean-stack/-/clean-stack-2.2.0.tgz",
      "integrity": "sha512-4diC9HaTE+KRAMWhDhrGOECgWZxoevMc5TlkObMqNSsVU62PYzXZ/SMTjzyGAFF1YusgxGcSWTEXBhp0CPwQ1A=="
    },
    "electron-cookies": {
      "version": "github:heap/electron-cookies#7ae1025f9b3b46745041108f4c527f678afc9502",
      "from": "github:heap/electron-cookies",
      "requires": {
        "tough-cookie": "^2.3.4",
        "tough-cookie-web-storage-store": "^1.0.0"
      }
    },
    "electron-is-dev": {
      "version": "1.1.0",
      "resolved": "https://registry.npmjs.org/electron-is-dev/-/electron-is-dev-1.1.0.tgz",
      "integrity": "sha512-Z1qA/1oHNowGtSBIcWk0pcLEqYT/j+13xUw/MYOrBUOL4X7VN0i0KCTf5SqyvMPmW5pSPKbo28wkxMxzZ20YnQ=="
    },
    "electron-unhandled": {
      "version": "2.2.0",
      "resolved": "https://registry.npmjs.org/electron-unhandled/-/electron-unhandled-2.2.0.tgz",
      "integrity": "sha512-i0aah9s/3f6CAreEX0bE1PUE15U5+ndWNe6Qw79qIRLbQfSJK78V/BUb42/LrTXcj1XNBrWpKWEaLsGm4mpsBA==",
      "requires": {
        "clean-stack": "^2.1.0",
        "electron-is-dev": "^1.0.1",
        "ensure-error": "^1.0.0",
        "lodash.debounce": "^4.0.8"
      }
    },
    "encoding": {
      "version": "0.1.12",
      "resolved": "https://registry.npmjs.org/encoding/-/encoding-0.1.12.tgz",
      "integrity": "sha1-U4tm8+5izRq1HsMjgp0flIDHS+s=",
      "requires": {
        "iconv-lite": "~0.4.13"
      }
    },
    "ensure-error": {
      "version": "1.0.0",
      "resolved": "https://registry.npmjs.org/ensure-error/-/ensure-error-1.0.0.tgz",
      "integrity": "sha512-0WlwxG3KPXJxHxxEWh7+N/RyJgP9QAZKNzBxqqU+TxOg2TNqM1E6YhmJC8cz3ELi45K9N3J8jhTYQJieZwpljA=="
    },
    "esm": {
      "version": "3.2.25",
      "resolved": "https://registry.npmjs.org/esm/-/esm-3.2.25.tgz",
      "integrity": "sha512-U1suiZ2oDVWv4zPO56S0NcR5QriEahGtdN2OR6FiOG4WJvcjBVFB0qI4+eKoWFH483PKGuLuu6V8Z4T5g63UVA=="
    },
    "iconv-lite": {
      "version": "0.4.24",
      "resolved": "https://registry.npmjs.org/iconv-lite/-/iconv-lite-0.4.24.tgz",
      "integrity": "sha512-v3MXnZAcvnywkTUEZomIActle7RXXeedOR31wwl7VlyoXO4Qi9arvSenNQWne1TcRwhCL1HwLI21bEqdpj8/rA==",
      "requires": {
        "safer-buffer": ">= 2.1.2 < 3"
      }
    },
    "is-stream": {
      "version": "1.1.0",
      "resolved": "https://registry.npmjs.org/is-stream/-/is-stream-1.1.0.tgz",
      "integrity": "sha1-EtSj3U5o4Lec6428hBc66A2RykQ="
    },
    "isomorphic-fetch": {
      "version": "2.2.1",
      "resolved": "https://registry.npmjs.org/isomorphic-fetch/-/isomorphic-fetch-2.2.1.tgz",
      "integrity": "sha1-YRrhrPFPXoH3KVB0coGf6XM1WKk=",
      "requires": {
        "node-fetch": "^1.0.1",
        "whatwg-fetch": ">=0.10.0"
      }
    },
    "lodash": {
      "version": "4.17.15",
      "resolved": "https://registry.npmjs.org/lodash/-/lodash-4.17.15.tgz",
      "integrity": "sha512-8xOcRHvCjnocdS5cpwXQXVzmmh5e5+saE2QGoeQmbKmRS6J3VQppPOIt0MnmE+4xlZoumy0GPG0D0MVIQbNA1A=="
    },
    "lodash.debounce": {
      "version": "4.0.8",
      "resolved": "https://registry.npmjs.org/lodash.debounce/-/lodash.debounce-4.0.8.tgz",
      "integrity": "sha1-gteb/zCmfEAF/9XiUVMArZyk168="
    },
    "network": {
      "version": "file:modules/node_checkin/network",
      "integrity": "sha1-bb07p4DTZzhr+I0uLimVmoqY3zE=",
      "requires": {
        "async": "^1.5.2",
        "needle": "1.1.2",
        "wmic": "^0.1.0"
      },
      "dependencies": {
        "async": {
          "version": "1.5.2",
          "bundled": true
        },
        "debug": {
          "version": "2.6.9",
          "bundled": true,
          "requires": {
            "ms": "2.0.0"
          }
        },
        "ms": {
          "version": "2.0.0",
          "bundled": true
        },
        "needle": {
          "version": "1.1.2",
          "bundled": true,
          "requires": {
            "debug": "^2.1.2",
            "iconv-lite": "^0.4.4"
          }
        },
        "wmic": {
          "version": "0.1.0",
          "bundled": true,
          "requires": {
            "async": "^3.1.0",
            "iconv-lite": "^0.4.13"
          },
          "dependencies": {
            "async": {
              "version": "3.1.0",
              "bundled": true
            }
          }
        }
      }
    },
    "node-fetch": {
      "version": "1.7.3",
      "resolved": "https://registry.npmjs.org/node-fetch/-/node-fetch-1.7.3.tgz",
      "integrity": "sha512-NhZ4CsKx7cYm2vSrBAr2PvFOe6sWDf0UYLRqA6svUYg7+/TSfVAu49jYC4BvQ4Sms9SZgdqGBgroqfDhJdTyKQ==",
      "requires": {
        "encoding": "^0.1.11",
        "is-stream": "^1.0.1"
      }
    },
    "ping": {
      "version": "0.2.2",
      "resolved": "https://registry.npmjs.org/ping/-/ping-0.2.2.tgz",
      "integrity": "sha1-GA+3UIwdx0eThJvONcgHP5llvOI=",
      "requires": {
        "q": "1.x",
        "underscore": "^1.8.3"
      }
    },
    "psl": {
      "version": "1.5.0",
      "resolved": "https://registry.npmjs.org/psl/-/psl-1.5.0.tgz",
      "integrity": "sha512-4vqUjKi2huMu1OJiLhi3jN6jeeKvMZdI1tYgi/njW5zV52jNLgSAZSdN16m9bJFe61/cT8ulmw4qFitV9QRsEA=="
    },
    "punycode": {
      "version": "2.1.1",
      "resolved": "https://registry.npmjs.org/punycode/-/punycode-2.1.1.tgz",
      "integrity": "sha512-XRsRjdf+j5ml+y/6GKHPZbrF/8p2Yga0JPtdqTIY2Xe5ohJPD9saDJJLPvp9+NSBprVvevdXZybnj2cv8OEd0A=="
    },
    "q": {
      "version": "1.5.1",
      "resolved": "https://registry.npmjs.org/q/-/q-1.5.1.tgz",
      "integrity": "sha1-fjL3W0E4EpHQRhHxvxQQmsAGUdc="
    },
    "safer-buffer": {
      "version": "2.1.2",
      "resolved": "https://registry.npmjs.org/safer-buffer/-/safer-buffer-2.1.2.tgz",
      "integrity": "sha512-YZo3K82SD7Riyi0E1EQPojLz7kpepnSQI9IyPbHHg1XXXevb5dJI7tpyN2ADxGcQbHG7vcyRHk0cbwqcQriUtg=="
    },
    "tiny-worker": {
      "version": "2.2.0",
      "resolved": "https://registry.npmjs.org/tiny-worker/-/tiny-worker-2.2.0.tgz",
      "integrity": "sha512-/DnTni0fPjjOlqA6BNcUo6pxyfbViJZ7vxwA+RZ+gF0dBevxp0sropQFVZ4NS5PRgQ8J7EBu8zMJYKwoNo5aWg==",
      "requires": {
        "esm": "^3.2.22"
      }
    },
    "tough-cookie": {
      "version": "2.5.0",
      "resolved": "https://registry.npmjs.org/tough-cookie/-/tough-cookie-2.5.0.tgz",
      "integrity": "sha512-nlLsUzgm1kfLXSXfRZMc1KLAugd4hqJHDTvc2hDIwS3mZAfMEuMbc03SujMF+GEcpaX/qboeycw6iO8JwVv2+g==",
      "requires": {
        "psl": "^1.1.28",
        "punycode": "^2.1.1"
      }
    },
    "tough-cookie-web-storage-store": {
      "version": "1.0.0",
      "resolved": "https://registry.npmjs.org/tough-cookie-web-storage-store/-/tough-cookie-web-storage-store-1.0.0.tgz",
      "integrity": "sha1-gCH84kKQvwthUeSR1zEjQ0UdOQ0=",
      "requires": {
        "lodash": "^4.6.1"
      }
    },
    "underscore": {
      "version": "1.9.1",
      "resolved": "https://registry.npmjs.org/underscore/-/underscore-1.9.1.tgz",
      "integrity": "sha512-5/4etnCkd9c8gwgowi5/om/mYO5ajCaOgdzj/oW+0eQV9WxKBDZw5+ycmKmeaTXjInS/W0BzpGLo2xR2aBwZdg=="
    },
    "whatwg-fetch": {
      "version": "3.0.0",
      "resolved": "https://registry.npmjs.org/whatwg-fetch/-/whatwg-fetch-3.0.0.tgz",
      "integrity": "sha512-9GSJUgz1D4MfyKU7KRqwOjXCXTqWdFNvEr7eUBYchQiVc744mqK/MzXPNR2WsPkmkOa4ywfg8C2n8h+13Bey1Q=="
    },
    "ws": {
      "version": "file:https:/registry.npmjs.org/ws/-/ws-6.1.2.tgz",
      "integrity": "sha512-rfUqzvz0WxmSXtJpPMX2EeASXabOrSMk1ruMOV3JBTBjo4ac2lDjGGsbQSyxj8Odhw5fBib8ZKEjDNvgouNKYw==",
      "requires": {
        "async-limiter": "~1.0.0"
      }
    }
  }
}
