PODS:
  - CocoaAsyncSocket (7.6.4)
  - CodableJSON (1.2.0)
  - Nimble (8.0.7)
  - nntool-shared-swift (0.0.1):
    - CodableJSON (~> 1.2.0)
    - Repeat (~> 0.5.8)
    - SwiftLint (~> 0.39.1)
    - XCGLogger (~> 7.0.1)
  - ObjcExceptionBridging (1.0.1):
    - ObjcExceptionBridging/ObjcExceptionBridging (= 1.0.1)
  - ObjcExceptionBridging/ObjcExceptionBridging (1.0.1)
  - ReachabilitySwift (5.0.0)
  - Repeat (0.5.8)
  - Siesta (1.5.0):
    - Siesta/Core (= 1.5.0)
  - Siesta/Core (1.5.0)
  - SwiftLint (0.39.2)
  - XCGLogger (7.0.1):
    - XCGLogger/Core (= 7.0.1)
  - XCGLogger/Core (7.0.1):
    - ObjcExceptionBridging

DEPENDENCIES:
  - CocoaAsyncSocket (~> 7.6.4)
  - Nimble (~> 8.0.7)
  - nntool-shared-swift (from `../nntool-shared-swift`)
  - ReachabilitySwift (~> 5.0.0)
  - Siesta (~> 1.5.0)

SPEC REPOS:
  trunk:
    - CocoaAsyncSocket
    - CodableJSON
    - Nimble
    - ObjcExceptionBridging
    - ReachabilitySwift
    - Repeat
    - Siesta
    - SwiftLint
    - XCGLogger

EXTERNAL SOURCES:
  nntool-shared-swift:
    :path: "../nntool-shared-swift"

SPEC CHECKSUMS:
  CocoaAsyncSocket: 694058e7c0ed05a9e217d1b3c7ded962f4180845
  CodableJSON: 3e91bb0cead42e788d8fe64b8b07761c83ad7758
  Nimble: a73af6ecd4c9106f434f3d55fc54570be3739e0b
  nntool-shared-swift: c9a7bd0cb182da4e0008aa8b2a66cececbf4dba7
  ObjcExceptionBridging: c30e00eb3700467e695faeea30e26e18bd445001
  ReachabilitySwift: 985039c6f7b23a1da463388634119492ff86c825
  Repeat: 8e65710d09da68f06ed79e865b091ffdcc8d0279
  Siesta: c3a5cd60919adabc73b2788c79b7a5c462d8c35a
  SwiftLint: 22ccbbe3b8008684be5955693bab135e0ed6a447
  XCGLogger: 1943831ef907df55108b0b18657953f868de973b

PODFILE CHECKSUM: d721db5d1547d8e5fb3dd531fc49c633882450c6

COCOAPODS: 1.9.1
