// !$*UTF8*$!
{
	archiveVersion = 1;
	classes = {
	};
	objectVersion = 46;
	objects = {

/* Begin PBXBuildFile section */
		B13EEE3523ECA3AF00663F42 /* AudioStreamingTask.swift in Sources */ = {isa = PBXBuildFile; fileRef = B13EEE3423ECA3AF00663F42 /* AudioStreamingTask.swift */; };
		B180E11E22849CA4000CF9E2 /* QoSBidirectionalIpTask.swift in Sources */ = {isa = PBXBuildFile; fileRef = B180E11D22849CA4000CF9E2 /* QoSBidirectionalIpTask.swift */; };
		E029275122D79597001FCAEC /* TaskError.swift in Sources */ = {isa = PBXBuildFile; fileRef = E029275022D79597001FCAEC /* TaskError.swift */; };
		E02D191A1CF598A4002A02FE /* libresolv.tbd in Frameworks */ = {isa = PBXBuildFile; fileRef = E02D19191CF598A4002A02FE /* libresolv.tbd */; };
		E02D191C1CF598B1002A02FE /* CoreTelephony.framework in Frameworks */ = {isa = PBXBuildFile; fileRef = E02D191B1CF598B1002A02FE /* CoreTelephony.framework */; };
		E02D191E1CF598DE002A02FE /* MobileCoreServices.framework in Frameworks */ = {isa = PBXBuildFile; fileRef = E02D191D1CF598DE002A02FE /* MobileCoreServices.framework */; };
		E02D19201CF598E8002A02FE /* Foundation.framework in Frameworks */ = {isa = PBXBuildFile; fileRef = E02D191F1CF598E8002A02FE /* Foundation.framework */; };
		E02D19221CF598F3002A02FE /* CoreLocation.framework in Frameworks */ = {isa = PBXBuildFile; fileRef = E02D19211CF598F3002A02FE /* CoreLocation.framework */; };
		E02D19241CF59900002A02FE /* SystemConfiguration.framework in Frameworks */ = {isa = PBXBuildFile; fileRef = E02D19231CF59900002A02FE /* SystemConfiguration.framework */; };
		E03130082322B5F100B6FE19 /* SipMessage.swift in Sources */ = {isa = PBXBuildFile; fileRef = E03130072322B5F100B6FE19 /* SipMessage.swift */; };
		E031300A2326CEF500B6FE19 /* VoipTask.swift in Sources */ = {isa = PBXBuildFile; fileRef = E03130092326CEF500B6FE19 /* VoipTask.swift */; };
		E044DDF022D37B9900BB70CE /* NonTransparentProxyTask.swift in Sources */ = {isa = PBXBuildFile; fileRef = E044DDED22D379A900BB70CE /* NonTransparentProxyTask.swift */; };
		E044DDF322D39FEE00BB70CE /* WebsiteRenderingTask.swift in Sources */ = {isa = PBXBuildFile; fileRef = E044DDF122D39FBB00BB70CE /* WebsiteRenderingTask.swift */; };
		E044DDF822D3A19500BB70CE /* WebsiteTaskRunner.swift in Sources */ = {isa = PBXBuildFile; fileRef = E044DDF622D3A19200BB70CE /* WebsiteTaskRunner.swift */; };
		E044DDF922D3A19900BB70CE /* WebsiteTaskUrlProtocol.swift in Sources */ = {isa = PBXBuildFile; fileRef = E044DDF422D3A15000BB70CE /* WebsiteTaskUrlProtocol.swift */; };
		E05487E3231B06C400B47184 /* TracerouteTask.swift in Sources */ = {isa = PBXBuildFile; fileRef = E05487E2231B06C400B47184 /* TracerouteTask.swift */; };
		E05487E5231C3C7400B47184 /* MeasurementKitTask.swift in Sources */ = {isa = PBXBuildFile; fileRef = E05487E4231C3C7400B47184 /* MeasurementKitTask.swift */; };
		E05487EA231C461500B47184 /* MeasurementKitEvent.swift in Sources */ = {isa = PBXBuildFile; fileRef = E05487E9231C461500B47184 /* MeasurementKitEvent.swift */; };
		E05487EC231C48DD00B47184 /* MeasurementKitEventType.swift in Sources */ = {isa = PBXBuildFile; fileRef = E05487EB231C48DD00B47184 /* MeasurementKitEventType.swift */; };
		E05487EE231C5E3100B47184 /* MKAsyncTaskWrapper.m in Sources */ = {isa = PBXBuildFile; fileRef = E05487ED231C5E3100B47184 /* MKAsyncTaskWrapper.m */; };
		E05D32C221F0F77D005E77F1 /* QoSKitUnitTests.swift in Sources */ = {isa = PBXBuildFile; fileRef = E05D32C121F0F77D005E77F1 /* QoSKitUnitTests.swift */; };
		E05D32C421F0F77D005E77F1 /* QoSKit.framework in Frameworks */ = {isa = PBXBuildFile; fileRef = E0B1C7DE1CF4ADBA00F19282 /* QoSKit.framework */; };
		E05D32E721F61ED8005E77F1 /* TcpStreamUtil.swift in Sources */ = {isa = PBXBuildFile; fileRef = E05D32E621F61ED8005E77F1 /* TcpStreamUtil.swift */; };
		E05D32F421F63CAA005E77F1 /* ControlConnection.swift in Sources */ = {isa = PBXBuildFile; fileRef = E05D32F321F63CAA005E77F1 /* ControlConnection.swift */; };
		E05D32FA21F7741F005E77F1 /* QoSLog.swift in Sources */ = {isa = PBXBuildFile; fileRef = E05D32F921F7741F005E77F1 /* QoSLog.swift */; };
		E05D331A21FA0255005E77F1 /* TaskType.swift in Sources */ = {isa = PBXBuildFile; fileRef = E05D331921FA0255005E77F1 /* TaskType.swift */; };
		E06951002110A6EB00CFA14B /* QoSKit.podspec.json in Resources */ = {isa = PBXBuildFile; fileRef = E06950FF2110A6EB00CFA14B /* QoSKit.podspec.json */; };
		E08D312B23F5B453004EFCEA /* libresolv.tbd in Frameworks */ = {isa = PBXBuildFile; fileRef = E02D19411CF5A38F002A02FE /* libresolv.tbd */; };
		E08FC3552212DDC50018E747 /* SocketProtocols.swift in Sources */ = {isa = PBXBuildFile; fileRef = E08FC3542212DDC50018E747 /* SocketProtocols.swift */; };
		E0AAD03F1FE2BDFC0007ACE4 /* QoSKit.h in Headers */ = {isa = PBXBuildFile; fileRef = E0B1C8131CF4AFFD00F19282 /* QoSKit.h */; settings = {ATTRIBUTES = (Public, ); }; };
		E0B950CE231EF85D0069F20A /* SipTask.swift in Sources */ = {isa = PBXBuildFile; fileRef = E0B950CC231EE71C0069F20A /* SipTask.swift */; };
		E0C4526E22CCCAA800FA4B44 /* HttpProxyTask.swift in Sources */ = {isa = PBXBuildFile; fileRef = E0C4526D22CCCAA800FA4B44 /* HttpProxyTask.swift */; };
		E0C4527822CE0B5700FA4B44 /* QoSLogger.swift in Sources */ = {isa = PBXBuildFile; fileRef = E0C4527722CE0B5700FA4B44 /* QoSLogger.swift */; };
		E0EA84CF22804CE200EB73BF /* QoSTaskExecutor.swift in Sources */ = {isa = PBXBuildFile; fileRef = E0EA84C322804CE100EB73BF /* QoSTaskExecutor.swift */; };
		E0EA84D022804CE200EB73BF /* QoSTaskStatus.swift in Sources */ = {isa = PBXBuildFile; fileRef = E0EA84C422804CE100EB73BF /* QoSTaskStatus.swift */; };
		E0EA84D222804CE200EB73BF /* QoSTaskGroup.swift in Sources */ = {isa = PBXBuildFile; fileRef = E0EA84C622804CE200EB73BF /* QoSTaskGroup.swift */; };
		E0EA84D322804CE200EB73BF /* DnsTask.swift in Sources */ = {isa = PBXBuildFile; fileRef = E0EA84C822804CE200EB73BF /* DnsTask.swift */; };
		E0EA84D422804CE200EB73BF /* UdpPortTask.swift in Sources */ = {isa = PBXBuildFile; fileRef = E0EA84C922804CE200EB73BF /* UdpPortTask.swift */; };
		E0EA84D522804CE200EB73BF /* TcpPortTask.swift in Sources */ = {isa = PBXBuildFile; fileRef = E0EA84CA22804CE200EB73BF /* TcpPortTask.swift */; };
		E0EA84D622804CE200EB73BF /* QoSTask.swift in Sources */ = {isa = PBXBuildFile; fileRef = E0EA84CB22804CE200EB73BF /* QoSTask.swift */; };
		E0EA84D722804CE200EB73BF /* EchoProtocolTask.swift in Sources */ = {isa = PBXBuildFile; fileRef = E0EA84CC22804CE200EB73BF /* EchoProtocolTask.swift */; };
		E0EA84D822804CE200EB73BF /* QoSControlConnectionTask.swift in Sources */ = {isa = PBXBuildFile; fileRef = E0EA84CD22804CE200EB73BF /* QoSControlConnectionTask.swift */; };
		E0EA84D922804CE200EB73BF /* QoSTaskExecutorDelegate.swift in Sources */ = {isa = PBXBuildFile; fileRef = E0EA84CE22804CE200EB73BF /* QoSTaskExecutorDelegate.swift */; };
		E0EA84DC22804D0100EB73BF /* ControlConnectionParameters.swift in Sources */ = {isa = PBXBuildFile; fileRef = E0EA84DA22804D0100EB73BF /* ControlConnectionParameters.swift */; };
		E0EA84DD22804D0100EB73BF /* RequireControlConnection.swift in Sources */ = {isa = PBXBuildFile; fileRef = E0EA84DB22804D0100EB73BF /* RequireControlConnection.swift */; };
		E0EB4D322343D2120068BE34 /* UdpStreamUtil.swift in Sources */ = {isa = PBXBuildFile; fileRef = E0EB4D312343D2120068BE34 /* UdpStreamUtil.swift */; };
		E0EB4D352343D4040068BE34 /* RTPPacket.swift in Sources */ = {isa = PBXBuildFile; fileRef = E0EB4D342343D4040068BE34 /* RTPPacket.swift */; };
		E0EB4D382343E13C0068BE34 /* RTPPacketTests.swift in Sources */ = {isa = PBXBuildFile; fileRef = E0EB4D372343E13C0068BE34 /* RTPPacketTests.swift */; };
		E0EB4D3B2343E7B70068BE34 /* ByteUtil.swift in Sources */ = {isa = PBXBuildFile; fileRef = E0EB4D392343E3660068BE34 /* ByteUtil.swift */; };
		F4811F60DED85159BABF53BA /* Pods_All_QoSKit_iOS.framework in Frameworks */ = {isa = PBXBuildFile; fileRef = 114F7D4D1BAD1E3E433F65C3 /* Pods_All_QoSKit_iOS.framework */; };
		F94E822B8F7C493E828188B4 /* Pods_All_QoSKitUnitTests.framework in Frameworks */ = {isa = PBXBuildFile; fileRef = E73A07B37856DB8539662BA3 /* Pods_All_QoSKitUnitTests.framework */; };
/* End PBXBuildFile section */

/* Begin PBXContainerItemProxy section */
		E05D32C521F0F77D005E77F1 /* PBXContainerItemProxy */ = {
			isa = PBXContainerItemProxy;
			containerPortal = E0B1C7D31CF4AC8800F19282 /* Project object */;
			proxyType = 1;
			remoteGlobalIDString = E0B1C7DD1CF4ADBA00F19282;
			remoteInfo = QoSKit_iOS;
		};
/* End PBXContainerItemProxy section */

/* Begin PBXFileReference section */
		0D9E8BEA8568731BB793D0E7 /* Pods-All-QoSKitUnitTests.debug.xcconfig */ = {isa = PBXFileReference; includeInIndex = 1; lastKnownFileType = text.xcconfig; name = "Pods-All-QoSKitUnitTests.debug.xcconfig"; path = "Pods/Target Support Files/Pods-All-QoSKitUnitTests/Pods-All-QoSKitUnitTests.debug.xcconfig"; sourceTree = "<group>"; };
		114F7D4D1BAD1E3E433F65C3 /* Pods_All_QoSKit_iOS.framework */ = {isa = PBXFileReference; explicitFileType = wrapper.framework; includeInIndex = 0; path = Pods_All_QoSKit_iOS.framework; sourceTree = BUILT_PRODUCTS_DIR; };
		7C8C283F3ADDF29FAC8A7F46 /* Pods-All-QoSKitUnitTests.release.xcconfig */ = {isa = PBXFileReference; includeInIndex = 1; lastKnownFileType = text.xcconfig; name = "Pods-All-QoSKitUnitTests.release.xcconfig"; path = "Pods/Target Support Files/Pods-All-QoSKitUnitTests/Pods-All-QoSKitUnitTests.release.xcconfig"; sourceTree = "<group>"; };
		B1275C1E23ECBA4A00DD43B5 /* GStreamer.framework */ = {isa = PBXFileReference; lastKnownFileType = wrapper.framework; name = GStreamer.framework; path = ../../../../Library/Developer/GStreamer/iPhone.sdk/GStreamer.framework; sourceTree = "<group>"; };
		B13EEE3423ECA3AF00663F42 /* AudioStreamingTask.swift */ = {isa = PBXFileReference; fileEncoding = 4; lastKnownFileType = sourcecode.swift; path = AudioStreamingTask.swift; sourceTree = "<group>"; };
		B180E11D22849CA4000CF9E2 /* QoSBidirectionalIpTask.swift */ = {isa = PBXFileReference; fileEncoding = 4; lastKnownFileType = sourcecode.swift; path = QoSBidirectionalIpTask.swift; sourceTree = "<group>"; };
		E029275022D79597001FCAEC /* TaskError.swift */ = {isa = PBXFileReference; lastKnownFileType = sourcecode.swift; path = TaskError.swift; sourceTree = "<group>"; };
		E02D19191CF598A4002A02FE /* libresolv.tbd */ = {isa = PBXFileReference; lastKnownFileType = "sourcecode.text-based-dylib-definition"; name = libresolv.tbd; path = Platforms/iPhoneOS.platform/Developer/SDKs/iPhoneOS9.3.sdk/usr/lib/libresolv.tbd; sourceTree = DEVELOPER_DIR; };
		E02D191B1CF598B1002A02FE /* CoreTelephony.framework */ = {isa = PBXFileReference; lastKnownFileType = wrapper.framework; name = CoreTelephony.framework; path = Platforms/iPhoneOS.platform/Developer/SDKs/iPhoneOS9.3.sdk/System/Library/Frameworks/CoreTelephony.framework; sourceTree = DEVELOPER_DIR; };
		E02D191D1CF598DE002A02FE /* MobileCoreServices.framework */ = {isa = PBXFileReference; lastKnownFileType = wrapper.framework; name = MobileCoreServices.framework; path = Platforms/iPhoneOS.platform/Developer/SDKs/iPhoneOS9.3.sdk/System/Library/Frameworks/MobileCoreServices.framework; sourceTree = DEVELOPER_DIR; };
		E02D191F1CF598E8002A02FE /* Foundation.framework */ = {isa = PBXFileReference; lastKnownFileType = wrapper.framework; name = Foundation.framework; path = Platforms/iPhoneOS.platform/Developer/SDKs/iPhoneOS9.3.sdk/System/Library/Frameworks/Foundation.framework; sourceTree = DEVELOPER_DIR; };
		E02D19211CF598F3002A02FE /* CoreLocation.framework */ = {isa = PBXFileReference; lastKnownFileType = wrapper.framework; name = CoreLocation.framework; path = Platforms/iPhoneOS.platform/Developer/SDKs/iPhoneOS9.3.sdk/System/Library/Frameworks/CoreLocation.framework; sourceTree = DEVELOPER_DIR; };
		E02D19231CF59900002A02FE /* SystemConfiguration.framework */ = {isa = PBXFileReference; lastKnownFileType = wrapper.framework; name = SystemConfiguration.framework; path = Platforms/iPhoneOS.platform/Developer/SDKs/iPhoneOS9.3.sdk/System/Library/Frameworks/SystemConfiguration.framework; sourceTree = DEVELOPER_DIR; };
		E02D19411CF5A38F002A02FE /* libresolv.tbd */ = {isa = PBXFileReference; lastKnownFileType = "sourcecode.text-based-dylib-definition"; name = libresolv.tbd; path = usr/lib/libresolv.tbd; sourceTree = SDKROOT; };
		E02D19431CF5A3A5002A02FE /* Foundation.framework */ = {isa = PBXFileReference; lastKnownFileType = wrapper.framework; name = Foundation.framework; path = System/Library/Frameworks/Foundation.framework; sourceTree = SDKROOT; };
		E02D19451CF5A3B4002A02FE /* CoreTelephony.framework */ = {isa = PBXFileReference; lastKnownFileType = wrapper.framework; name = CoreTelephony.framework; path = System/Library/Frameworks/CoreTelephony.framework; sourceTree = SDKROOT; };
		E02D19471CF5A3BE002A02FE /* CoreLocation.framework */ = {isa = PBXFileReference; lastKnownFileType = wrapper.framework; name = CoreLocation.framework; path = System/Library/Frameworks/CoreLocation.framework; sourceTree = SDKROOT; };
		E02D19491CF5A3D2002A02FE /* SystemConfiguration.framework */ = {isa = PBXFileReference; lastKnownFileType = wrapper.framework; name = SystemConfiguration.framework; path = System/Library/Frameworks/SystemConfiguration.framework; sourceTree = SDKROOT; };
		E02D194B1CF5A3D7002A02FE /* CoreServices.framework */ = {isa = PBXFileReference; lastKnownFileType = wrapper.framework; name = CoreServices.framework; path = System/Library/Frameworks/CoreServices.framework; sourceTree = SDKROOT; };
		E03130072322B5F100B6FE19 /* SipMessage.swift */ = {isa = PBXFileReference; lastKnownFileType = sourcecode.swift; path = SipMessage.swift; sourceTree = "<group>"; };
		E03130092326CEF500B6FE19 /* VoipTask.swift */ = {isa = PBXFileReference; lastKnownFileType = sourcecode.swift; path = VoipTask.swift; sourceTree = "<group>"; };
		E044DDED22D379A900BB70CE /* NonTransparentProxyTask.swift */ = {isa = PBXFileReference; fileEncoding = 4; lastKnownFileType = sourcecode.swift; path = NonTransparentProxyTask.swift; sourceTree = "<group>"; };
		E044DDF122D39FBB00BB70CE /* WebsiteRenderingTask.swift */ = {isa = PBXFileReference; fileEncoding = 4; lastKnownFileType = sourcecode.swift; path = WebsiteRenderingTask.swift; sourceTree = "<group>"; };
		E044DDF422D3A15000BB70CE /* WebsiteTaskUrlProtocol.swift */ = {isa = PBXFileReference; lastKnownFileType = sourcecode.swift; path = WebsiteTaskUrlProtocol.swift; sourceTree = "<group>"; };
		E044DDF622D3A19200BB70CE /* WebsiteTaskRunner.swift */ = {isa = PBXFileReference; lastKnownFileType = sourcecode.swift; path = WebsiteTaskRunner.swift; sourceTree = "<group>"; };
		E05487E2231B06C400B47184 /* TracerouteTask.swift */ = {isa = PBXFileReference; fileEncoding = 4; lastKnownFileType = sourcecode.swift; path = TracerouteTask.swift; sourceTree = "<group>"; };
		E05487E4231C3C7400B47184 /* MeasurementKitTask.swift */ = {isa = PBXFileReference; fileEncoding = 4; lastKnownFileType = sourcecode.swift; path = MeasurementKitTask.swift; sourceTree = "<group>"; };
		E05487E7231C434600B47184 /* MeasurementKit.h */ = {isa = PBXFileReference; lastKnownFileType = sourcecode.c.h; path = MeasurementKit.h; sourceTree = "<group>"; };
		E05487E9231C461500B47184 /* MeasurementKitEvent.swift */ = {isa = PBXFileReference; lastKnownFileType = sourcecode.swift; path = MeasurementKitEvent.swift; sourceTree = "<group>"; };
		E05487EB231C48DD00B47184 /* MeasurementKitEventType.swift */ = {isa = PBXFileReference; lastKnownFileType = sourcecode.swift; path = MeasurementKitEventType.swift; sourceTree = "<group>"; };
		E05487ED231C5E3100B47184 /* MKAsyncTaskWrapper.m */ = {isa = PBXFileReference; lastKnownFileType = sourcecode.c.objc; path = MKAsyncTaskWrapper.m; sourceTree = "<group>"; };
		E05487EF231C5E4E00B47184 /* MKAsyncTaskWrapper.h */ = {isa = PBXFileReference; lastKnownFileType = sourcecode.c.h; path = MKAsyncTaskWrapper.h; sourceTree = "<group>"; };
		E05D32BF21F0F77D005E77F1 /* QoSKitUnitTests.xctest */ = {isa = PBXFileReference; explicitFileType = wrapper.cfbundle; includeInIndex = 0; path = QoSKitUnitTests.xctest; sourceTree = BUILT_PRODUCTS_DIR; };
		E05D32C121F0F77D005E77F1 /* QoSKitUnitTests.swift */ = {isa = PBXFileReference; lastKnownFileType = sourcecode.swift; path = QoSKitUnitTests.swift; sourceTree = "<group>"; };
		E05D32C321F0F77D005E77F1 /* Info.plist */ = {isa = PBXFileReference; lastKnownFileType = text.plist.xml; path = Info.plist; sourceTree = "<group>"; };
		E05D32E621F61ED8005E77F1 /* TcpStreamUtil.swift */ = {isa = PBXFileReference; lastKnownFileType = sourcecode.swift; path = TcpStreamUtil.swift; sourceTree = "<group>"; };
		E05D32F321F63CAA005E77F1 /* ControlConnection.swift */ = {isa = PBXFileReference; lastKnownFileType = sourcecode.swift; path = ControlConnection.swift; sourceTree = "<group>"; };
		E05D32F921F7741F005E77F1 /* QoSLog.swift */ = {isa = PBXFileReference; fileEncoding = 4; lastKnownFileType = sourcecode.swift; path = QoSLog.swift; sourceTree = "<group>"; };
		E05D331921FA0255005E77F1 /* TaskType.swift */ = {isa = PBXFileReference; lastKnownFileType = sourcecode.swift; path = TaskType.swift; sourceTree = "<group>"; };
		E06950F121109FCC00CFA14B /* QoSKit_iOS_Shared.xcconfig */ = {isa = PBXFileReference; fileEncoding = 4; lastKnownFileType = text.xcconfig; path = QoSKit_iOS_Shared.xcconfig; sourceTree = "<group>"; };
		E06950F221109FCC00CFA14B /* QoSKit_iOS_Debug.xcconfig */ = {isa = PBXFileReference; fileEncoding = 4; lastKnownFileType = text.xcconfig; path = QoSKit_iOS_Debug.xcconfig; sourceTree = "<group>"; };
		E06950F321109FCC00CFA14B /* QoSKit_iOS_Beta.xcconfig */ = {isa = PBXFileReference; fileEncoding = 4; lastKnownFileType = text.xcconfig; path = QoSKit_iOS_Beta.xcconfig; sourceTree = "<group>"; };
		E06950F421109FCC00CFA14B /* Info-iOS.plist */ = {isa = PBXFileReference; fileEncoding = 4; lastKnownFileType = text.plist.xml; path = "Info-iOS.plist"; sourceTree = "<group>"; };
		E06950F521109FCC00CFA14B /* QoSKit_iOS_Release.xcconfig */ = {isa = PBXFileReference; fileEncoding = 4; lastKnownFileType = text.xcconfig; path = QoSKit_iOS_Release.xcconfig; sourceTree = "<group>"; };
		E06950FF2110A6EB00CFA14B /* QoSKit.podspec.json */ = {isa = PBXFileReference; fileEncoding = 4; lastKnownFileType = text.json; path = QoSKit.podspec.json; sourceTree = "<group>"; };
		E08FC3542212DDC50018E747 /* SocketProtocols.swift */ = {isa = PBXFileReference; lastKnownFileType = sourcecode.swift; path = SocketProtocols.swift; sourceTree = "<group>"; };
		E09255A62121DB5300326B48 /* module.modulemap */ = {isa = PBXFileReference; fileEncoding = 4; lastKnownFileType = "sourcecode.module-map"; path = module.modulemap; sourceTree = "<group>"; };
		E09255A72121DB5300326B48 /* injectXcodePath.sh */ = {isa = PBXFileReference; fileEncoding = 4; lastKnownFileType = text.script.sh; path = injectXcodePath.sh; sourceTree = "<group>"; };
		E09255A92121DB5300326B48 /* module.modulemap */ = {isa = PBXFileReference; fileEncoding = 4; lastKnownFileType = "sourcecode.module-map"; path = module.modulemap; sourceTree = "<group>"; };
		E0B1C7DE1CF4ADBA00F19282 /* QoSKit.framework */ = {isa = PBXFileReference; explicitFileType = wrapper.framework; includeInIndex = 0; path = QoSKit.framework; sourceTree = BUILT_PRODUCTS_DIR; };
		E0B1C8131CF4AFFD00F19282 /* QoSKit.h */ = {isa = PBXFileReference; fileEncoding = 4; lastKnownFileType = sourcecode.c.h; name = QoSKit.h; path = Sources/QoSKit.h; sourceTree = "<group>"; };
		E0B950CC231EE71C0069F20A /* SipTask.swift */ = {isa = PBXFileReference; fileEncoding = 4; lastKnownFileType = sourcecode.swift; path = SipTask.swift; sourceTree = "<group>"; };
		E0C4526D22CCCAA800FA4B44 /* HttpProxyTask.swift */ = {isa = PBXFileReference; fileEncoding = 4; lastKnownFileType = sourcecode.swift; path = HttpProxyTask.swift; sourceTree = "<group>"; };
		E0C4527722CE0B5700FA4B44 /* QoSLogger.swift */ = {isa = PBXFileReference; lastKnownFileType = sourcecode.swift; path = QoSLogger.swift; sourceTree = "<group>"; };
		E0EA84C322804CE100EB73BF /* QoSTaskExecutor.swift */ = {isa = PBXFileReference; fileEncoding = 4; lastKnownFileType = sourcecode.swift; path = QoSTaskExecutor.swift; sourceTree = "<group>"; };
		E0EA84C422804CE100EB73BF /* QoSTaskStatus.swift */ = {isa = PBXFileReference; fileEncoding = 4; lastKnownFileType = sourcecode.swift; path = QoSTaskStatus.swift; sourceTree = "<group>"; };
		E0EA84C622804CE200EB73BF /* QoSTaskGroup.swift */ = {isa = PBXFileReference; fileEncoding = 4; lastKnownFileType = sourcecode.swift; path = QoSTaskGroup.swift; sourceTree = "<group>"; };
		E0EA84C822804CE200EB73BF /* DnsTask.swift */ = {isa = PBXFileReference; fileEncoding = 4; lastKnownFileType = sourcecode.swift; path = DnsTask.swift; sourceTree = "<group>"; };
		E0EA84C922804CE200EB73BF /* UdpPortTask.swift */ = {isa = PBXFileReference; fileEncoding = 4; lastKnownFileType = sourcecode.swift; path = UdpPortTask.swift; sourceTree = "<group>"; };
		E0EA84CA22804CE200EB73BF /* TcpPortTask.swift */ = {isa = PBXFileReference; fileEncoding = 4; lastKnownFileType = sourcecode.swift; path = TcpPortTask.swift; sourceTree = "<group>"; };
		E0EA84CB22804CE200EB73BF /* QoSTask.swift */ = {isa = PBXFileReference; fileEncoding = 4; lastKnownFileType = sourcecode.swift; path = QoSTask.swift; sourceTree = "<group>"; };
		E0EA84CC22804CE200EB73BF /* EchoProtocolTask.swift */ = {isa = PBXFileReference; fileEncoding = 4; lastKnownFileType = sourcecode.swift; path = EchoProtocolTask.swift; sourceTree = "<group>"; };
		E0EA84CD22804CE200EB73BF /* QoSControlConnectionTask.swift */ = {isa = PBXFileReference; fileEncoding = 4; lastKnownFileType = sourcecode.swift; path = QoSControlConnectionTask.swift; sourceTree = "<group>"; };
		E0EA84CE22804CE200EB73BF /* QoSTaskExecutorDelegate.swift */ = {isa = PBXFileReference; fileEncoding = 4; lastKnownFileType = sourcecode.swift; path = QoSTaskExecutorDelegate.swift; sourceTree = "<group>"; };
		E0EA84DA22804D0100EB73BF /* ControlConnectionParameters.swift */ = {isa = PBXFileReference; fileEncoding = 4; lastKnownFileType = sourcecode.swift; path = ControlConnectionParameters.swift; sourceTree = "<group>"; };
		E0EA84DB22804D0100EB73BF /* RequireControlConnection.swift */ = {isa = PBXFileReference; fileEncoding = 4; lastKnownFileType = sourcecode.swift; path = RequireControlConnection.swift; sourceTree = "<group>"; };
		E0EB4D312343D2120068BE34 /* UdpStreamUtil.swift */ = {isa = PBXFileReference; fileEncoding = 4; lastKnownFileType = sourcecode.swift; path = UdpStreamUtil.swift; sourceTree = "<group>"; };
		E0EB4D342343D4040068BE34 /* RTPPacket.swift */ = {isa = PBXFileReference; lastKnownFileType = sourcecode.swift; path = RTPPacket.swift; sourceTree = "<group>"; };
		E0EB4D372343E13C0068BE34 /* RTPPacketTests.swift */ = {isa = PBXFileReference; lastKnownFileType = sourcecode.swift; path = RTPPacketTests.swift; sourceTree = "<group>"; };
		E0EB4D392343E3660068BE34 /* ByteUtil.swift */ = {isa = PBXFileReference; lastKnownFileType = sourcecode.swift; path = ByteUtil.swift; sourceTree = "<group>"; };
		E0F5B7A121FE2597007AE378 /* Pods-All-QoSKit_iOS.debug.xcconfig */ = {isa = PBXFileReference; fileEncoding = 4; lastKnownFileType = text.xcconfig; name = "Pods-All-QoSKit_iOS.debug.xcconfig"; path = "Pods/Target Support Files/Pods-All-QoSKit_iOS/Pods-All-QoSKit_iOS.debug.xcconfig"; sourceTree = "<group>"; };
		E0F5B7A221FE2597007AE378 /* Pods-All-QoSKit_iOS.release.xcconfig */ = {isa = PBXFileReference; fileEncoding = 4; lastKnownFileType = text.xcconfig; name = "Pods-All-QoSKit_iOS.release.xcconfig"; path = "Pods/Target Support Files/Pods-All-QoSKit_iOS/Pods-All-QoSKit_iOS.release.xcconfig"; sourceTree = "<group>"; };
		E0FC4C311D6C815B00D5D236 /* libresolv.tbd */ = {isa = PBXFileReference; lastKnownFileType = "sourcecode.text-based-dylib-definition"; name = libresolv.tbd; path = Platforms/AppleTVOS.platform/Developer/SDKs/AppleTVOS9.2.sdk/usr/lib/libresolv.tbd; sourceTree = DEVELOPER_DIR; };
		E0FC4C331D6C816800D5D236 /* SystemConfiguration.framework */ = {isa = PBXFileReference; lastKnownFileType = wrapper.framework; name = SystemConfiguration.framework; path = Platforms/AppleTVOS.platform/Developer/SDKs/AppleTVOS9.2.sdk/System/Library/Frameworks/SystemConfiguration.framework; sourceTree = DEVELOPER_DIR; };
		E0FC4C351D6C817100D5D236 /* CoreLocation.framework */ = {isa = PBXFileReference; lastKnownFileType = wrapper.framework; name = CoreLocation.framework; path = Platforms/AppleTVOS.platform/Developer/SDKs/AppleTVOS9.2.sdk/System/Library/Frameworks/CoreLocation.framework; sourceTree = DEVELOPER_DIR; };
		E0FC4C371D6C818900D5D236 /* Foundation.framework */ = {isa = PBXFileReference; lastKnownFileType = wrapper.framework; name = Foundation.framework; path = Platforms/AppleTVOS.platform/Developer/SDKs/AppleTVOS9.2.sdk/System/Library/Frameworks/Foundation.framework; sourceTree = DEVELOPER_DIR; };
		E0FC4C391D6C81A100D5D236 /* MobileCoreServices.framework */ = {isa = PBXFileReference; lastKnownFileType = wrapper.framework; name = MobileCoreServices.framework; path = Platforms/AppleTVOS.platform/Developer/SDKs/AppleTVOS9.2.sdk/System/Library/Frameworks/MobileCoreServices.framework; sourceTree = DEVELOPER_DIR; };
		E73A07B37856DB8539662BA3 /* Pods_All_QoSKitUnitTests.framework */ = {isa = PBXFileReference; explicitFileType = wrapper.framework; includeInIndex = 0; path = Pods_All_QoSKitUnitTests.framework; sourceTree = BUILT_PRODUCTS_DIR; };
/* End PBXFileReference section */

/* Begin PBXFrameworksBuildPhase section */
		E05D32BC21F0F77D005E77F1 /* Frameworks */ = {
			isa = PBXFrameworksBuildPhase;
			buildActionMask = 2147483647;
			files = (
				E08D312B23F5B453004EFCEA /* libresolv.tbd in Frameworks */,
				E05D32C421F0F77D005E77F1 /* QoSKit.framework in Frameworks */,
				F94E822B8F7C493E828188B4 /* Pods_All_QoSKitUnitTests.framework in Frameworks */,
			);
			runOnlyForDeploymentPostprocessing = 0;
		};
		E0B1C7DA1CF4ADBA00F19282 /* Frameworks */ = {
			isa = PBXFrameworksBuildPhase;
			buildActionMask = 2147483647;
			files = (
				E02D19241CF59900002A02FE /* SystemConfiguration.framework in Frameworks */,
				E02D19221CF598F3002A02FE /* CoreLocation.framework in Frameworks */,
				E02D19201CF598E8002A02FE /* Foundation.framework in Frameworks */,
				E02D191E1CF598DE002A02FE /* MobileCoreServices.framework in Frameworks */,
				E02D191C1CF598B1002A02FE /* CoreTelephony.framework in Frameworks */,
				E02D191A1CF598A4002A02FE /* libresolv.tbd in Frameworks */,
				F4811F60DED85159BABF53BA /* Pods_All_QoSKit_iOS.framework in Frameworks */,
			);
			runOnlyForDeploymentPostprocessing = 0;
		};
/* End PBXFrameworksBuildPhase section */

/* Begin PBXGroup section */
		2BCE53BE0C8C1F8DF2447450 /* Frameworks */ = {
			isa = PBXGroup;
			children = (
				B1275C1E23ECBA4A00DD43B5 /* GStreamer.framework */,
				E0FC4C391D6C81A100D5D236 /* MobileCoreServices.framework */,
				E0FC4C371D6C818900D5D236 /* Foundation.framework */,
				E0FC4C351D6C817100D5D236 /* CoreLocation.framework */,
				E0FC4C331D6C816800D5D236 /* SystemConfiguration.framework */,
				E0FC4C311D6C815B00D5D236 /* libresolv.tbd */,
				E02D194B1CF5A3D7002A02FE /* CoreServices.framework */,
				E02D19491CF5A3D2002A02FE /* SystemConfiguration.framework */,
				E02D19471CF5A3BE002A02FE /* CoreLocation.framework */,
				E02D19451CF5A3B4002A02FE /* CoreTelephony.framework */,
				E02D19431CF5A3A5002A02FE /* Foundation.framework */,
				E02D19411CF5A38F002A02FE /* libresolv.tbd */,
				E02D19231CF59900002A02FE /* SystemConfiguration.framework */,
				E02D19211CF598F3002A02FE /* CoreLocation.framework */,
				E02D191F1CF598E8002A02FE /* Foundation.framework */,
				E02D191D1CF598DE002A02FE /* MobileCoreServices.framework */,
				E02D191B1CF598B1002A02FE /* CoreTelephony.framework */,
				E02D19191CF598A4002A02FE /* libresolv.tbd */,
				114F7D4D1BAD1E3E433F65C3 /* Pods_All_QoSKit_iOS.framework */,
				E73A07B37856DB8539662BA3 /* Pods_All_QoSKitUnitTests.framework */,
			);
			name = Frameworks;
			sourceTree = "<group>";
		};
		396D510CBBF7097CD1BAC7F4 /* Pods */ = {
			isa = PBXGroup;
			children = (
				E0F5B7A121FE2597007AE378 /* Pods-All-QoSKit_iOS.debug.xcconfig */,
				E0F5B7A221FE2597007AE378 /* Pods-All-QoSKit_iOS.release.xcconfig */,
				0D9E8BEA8568731BB793D0E7 /* Pods-All-QoSKitUnitTests.debug.xcconfig */,
				7C8C283F3ADDF29FAC8A7F46 /* Pods-All-QoSKitUnitTests.release.xcconfig */,
			);
			name = Pods;
			sourceTree = "<group>";
		};
		E05487E6231C431B00B47184 /* MeasurementKit */ = {
			isa = PBXGroup;
			children = (
				E05487E8231C45F400B47184 /* Model */,
				E05487E7231C434600B47184 /* MeasurementKit.h */,
				E05487EF231C5E4E00B47184 /* MKAsyncTaskWrapper.h */,
				E05487ED231C5E3100B47184 /* MKAsyncTaskWrapper.m */,
			);
			path = MeasurementKit;
			sourceTree = "<group>";
		};
		E05487E8231C45F400B47184 /* Model */ = {
			isa = PBXGroup;
			children = (
				E05487E9231C461500B47184 /* MeasurementKitEvent.swift */,
				E05487EB231C48DD00B47184 /* MeasurementKitEventType.swift */,
			);
			path = Model;
			sourceTree = "<group>";
		};
		E05D32C021F0F77D005E77F1 /* QoSKitUnitTests */ = {
			isa = PBXGroup;
			children = (
				E0EB4D362343E12E0068BE34 /* Model */,
				E05D32C121F0F77D005E77F1 /* QoSKitUnitTests.swift */,
				E05D32C321F0F77D005E77F1 /* Info.plist */,
			);
			path = QoSKitUnitTests;
			sourceTree = "<group>";
		};
		E06950F021109FCC00CFA14B /* Configurations */ = {
			isa = PBXGroup;
			children = (
				E06950F121109FCC00CFA14B /* QoSKit_iOS_Shared.xcconfig */,
				E06950FE2110A1D400CFA14B /* iOS */,
			);
			path = Configurations;
			sourceTree = "<group>";
		};
		E06950FE2110A1D400CFA14B /* iOS */ = {
			isa = PBXGroup;
			children = (
				E06950F421109FCC00CFA14B /* Info-iOS.plist */,
				E06950F221109FCC00CFA14B /* QoSKit_iOS_Debug.xcconfig */,
				E06950F321109FCC00CFA14B /* QoSKit_iOS_Beta.xcconfig */,
				E06950F521109FCC00CFA14B /* QoSKit_iOS_Release.xcconfig */,
			);
			path = iOS;
			sourceTree = "<group>";
		};
		E09255A32121DB5300326B48 /* Modules */ = {
			isa = PBXGroup;
			children = (
				E09255A42121DB5300326B48 /* QoSKitPrivate */,
			);
			path = Modules;
			sourceTree = "<group>";
		};
		E09255A42121DB5300326B48 /* QoSKitPrivate */ = {
			isa = PBXGroup;
			children = (
				E09255A72121DB5300326B48 /* injectXcodePath.sh */,
				E09255A52121DB5300326B48 /* iphoneos */,
				E09255A82121DB5300326B48 /* iphonesimulator */,
			);
			path = QoSKitPrivate;
			sourceTree = "<group>";
		};
		E09255A52121DB5300326B48 /* iphoneos */ = {
			isa = PBXGroup;
			children = (
				E09255A62121DB5300326B48 /* module.modulemap */,
			);
			path = iphoneos;
			sourceTree = "<group>";
		};
		E09255A82121DB5300326B48 /* iphonesimulator */ = {
			isa = PBXGroup;
			children = (
				E09255A92121DB5300326B48 /* module.modulemap */,
			);
			path = iphonesimulator;
			sourceTree = "<group>";
		};
		E0B1C7D21CF4AC8800F19282 = {
			isa = PBXGroup;
			children = (
				E0B1C8131CF4AFFD00F19282 /* QoSKit.h */,
				E06950FF2110A6EB00CFA14B /* QoSKit.podspec.json */,
				E09255A32121DB5300326B48 /* Modules */,
				E06950F021109FCC00CFA14B /* Configurations */,
				E0B1C8061CF4AEFC00F19282 /* Sources */,
				E05D32C021F0F77D005E77F1 /* QoSKitUnitTests */,
				E0B1C7DF1CF4ADBA00F19282 /* Products */,
				396D510CBBF7097CD1BAC7F4 /* Pods */,
				2BCE53BE0C8C1F8DF2447450 /* Frameworks */,
			);
			sourceTree = "<group>";
		};
		E0B1C7DF1CF4ADBA00F19282 /* Products */ = {
			isa = PBXGroup;
			children = (
				E0B1C7DE1CF4ADBA00F19282 /* QoSKit.framework */,
				E05D32BF21F0F77D005E77F1 /* QoSKitUnitTests.xctest */,
			);
			name = Products;
			sourceTree = "<group>";
		};
		E0B1C8061CF4AEFC00F19282 /* Sources */ = {
			isa = PBXGroup;
			children = (
				E0EB4D332343D3F60068BE34 /* Model */,
				E05487E6231C431B00B47184 /* MeasurementKit */,
				E0EA84C322804CE100EB73BF /* QoSTaskExecutor.swift */,
				E0EA84CE22804CE200EB73BF /* QoSTaskExecutorDelegate.swift */,
				E0EA84C622804CE200EB73BF /* QoSTaskGroup.swift */,
				E0EA84C422804CE100EB73BF /* QoSTaskStatus.swift */,
				E05D32F921F7741F005E77F1 /* QoSLog.swift */,
				E05D331921FA0255005E77F1 /* TaskType.swift */,
				E0C4527722CE0B5700FA4B44 /* QoSLogger.swift */,
				E029275022D79597001FCAEC /* TaskError.swift */,
				E0EA84C722804CE200EB73BF /* Tasks */,
				E0F5B7A821FE2C2B007AE378 /* Util */,
				E0F5B7A721FE2C1E007AE378 /* Control */,
			);
			path = Sources;
			sourceTree = "<group>";
		};
		E0EA84C722804CE200EB73BF /* Tasks */ = {
			isa = PBXGroup;
			children = (
				E0EA84C822804CE200EB73BF /* DnsTask.swift */,
				E0B950CC231EE71C0069F20A /* SipTask.swift */,
				E05487E4231C3C7400B47184 /* MeasurementKitTask.swift */,
				B13EEE3423ECA3AF00663F42 /* AudioStreamingTask.swift */,
				E05487E2231B06C400B47184 /* TracerouteTask.swift */,
				E0C4526D22CCCAA800FA4B44 /* HttpProxyTask.swift */,
				E0EA84C922804CE200EB73BF /* UdpPortTask.swift */,
				E0EA84CA22804CE200EB73BF /* TcpPortTask.swift */,
				E044DDED22D379A900BB70CE /* NonTransparentProxyTask.swift */,
				E044DDF122D39FBB00BB70CE /* WebsiteRenderingTask.swift */,
				E0EA84CB22804CE200EB73BF /* QoSTask.swift */,
				E03130092326CEF500B6FE19 /* VoipTask.swift */,
				E0EA84CC22804CE200EB73BF /* EchoProtocolTask.swift */,
				E0EA84CD22804CE200EB73BF /* QoSControlConnectionTask.swift */,
				B180E11D22849CA4000CF9E2 /* QoSBidirectionalIpTask.swift */,
			);
			path = Tasks;
			sourceTree = "<group>";
		};
		E0EB4D332343D3F60068BE34 /* Model */ = {
			isa = PBXGroup;
			children = (
				E03130072322B5F100B6FE19 /* SipMessage.swift */,
				E0EB4D342343D4040068BE34 /* RTPPacket.swift */,
			);
			path = Model;
			sourceTree = "<group>";
		};
		E0EB4D362343E12E0068BE34 /* Model */ = {
			isa = PBXGroup;
			children = (
				E0EB4D372343E13C0068BE34 /* RTPPacketTests.swift */,
			);
			path = Model;
			sourceTree = "<group>";
		};
		E0F5B7A721FE2C1E007AE378 /* Control */ = {
			isa = PBXGroup;
			children = (
				E0EA84DA22804D0100EB73BF /* ControlConnectionParameters.swift */,
				E0EA84DB22804D0100EB73BF /* RequireControlConnection.swift */,
				E05D32F321F63CAA005E77F1 /* ControlConnection.swift */,
			);
			path = Control;
			sourceTree = "<group>";
		};
		E0F5B7A821FE2C2B007AE378 /* Util */ = {
			isa = PBXGroup;
			children = (
				E05D32E621F61ED8005E77F1 /* TcpStreamUtil.swift */,
				E0EB4D312343D2120068BE34 /* UdpStreamUtil.swift */,
				E08FC3542212DDC50018E747 /* SocketProtocols.swift */,
				E044DDF422D3A15000BB70CE /* WebsiteTaskUrlProtocol.swift */,
				E044DDF622D3A19200BB70CE /* WebsiteTaskRunner.swift */,
				E0EB4D392343E3660068BE34 /* ByteUtil.swift */,
			);
			path = Util;
			sourceTree = "<group>";
		};
/* End PBXGroup section */

/* Begin PBXHeadersBuildPhase section */
		E0B1C7DB1CF4ADBA00F19282 /* Headers */ = {
			isa = PBXHeadersBuildPhase;
			buildActionMask = 2147483647;
			files = (
				E0AAD03F1FE2BDFC0007ACE4 /* QoSKit.h in Headers */,
			);
			runOnlyForDeploymentPostprocessing = 0;
		};
/* End PBXHeadersBuildPhase section */

/* Begin PBXNativeTarget section */
		E05D32BE21F0F77D005E77F1 /* QoSKitUnitTests */ = {
			isa = PBXNativeTarget;
			buildConfigurationList = E05D32C721F0F77D005E77F1 /* Build configuration list for PBXNativeTarget "QoSKitUnitTests" */;
			buildPhases = (
				4E7A2C8BDEADA6E10F4FD08A /* [CP] Check Pods Manifest.lock */,
				E05D32BB21F0F77D005E77F1 /* Sources */,
				E05D32BC21F0F77D005E77F1 /* Frameworks */,
				E05D32BD21F0F77D005E77F1 /* Resources */,
				FD1DB0593DD052929597DD34 /* [CP] Embed Pods Frameworks */,
			);
			buildRules = (
			);
			dependencies = (
				E05D32C621F0F77D005E77F1 /* PBXTargetDependency */,
			);
			name = QoSKitUnitTests;
			productName = QoSKitUnitTests;
			productReference = E05D32BF21F0F77D005E77F1 /* QoSKitUnitTests.xctest */;
			productType = "com.apple.product-type.bundle.unit-test";
		};
		E0B1C7DD1CF4ADBA00F19282 /* QoSKit_iOS */ = {
			isa = PBXNativeTarget;
			buildConfigurationList = E0B1C7E41CF4ADBA00F19282 /* Build configuration list for PBXNativeTarget "QoSKit_iOS" */;
			buildPhases = (
				186B49F16AD90FF628A92413 /* [CP] Check Pods Manifest.lock */,
				E0B1C7D91CF4ADBA00F19282 /* Sources */,
				E0B1C7DA1CF4ADBA00F19282 /* Frameworks */,
				E0B1C7DB1CF4ADBA00F19282 /* Headers */,
				E0B1C7DC1CF4ADBA00F19282 /* Resources */,
				E0B9A407224D7059002AB640 /* Run swiftlint */,
			);
			buildRules = (
			);
			dependencies = (
			);
			name = QoSKit_iOS;
			productName = "QoSKit iOS";
			productReference = E0B1C7DE1CF4ADBA00F19282 /* QoSKit.framework */;
			productType = "com.apple.product-type.framework";
		};
/* End PBXNativeTarget section */

/* Begin PBXProject section */
		E0B1C7D31CF4AC8800F19282 /* Project object */ = {
			isa = PBXProject;
			attributes = {
				LastSwiftUpdateCheck = 1010;
				LastUpgradeCheck = 1010;
				TargetAttributes = {
					E05D32BE21F0F77D005E77F1 = {
						CreatedOnToolsVersion = 10.1;
						LastSwiftMigration = 1020;
						ProvisioningStyle = Manual;
					};
					E0B1C7DD1CF4ADBA00F19282 = {
						CreatedOnToolsVersion = 7.3.1;
						LastSwiftMigration = 1030;
					};
				};
			};
			buildConfigurationList = E0B1C7D61CF4AC8800F19282 /* Build configuration list for PBXProject "QoSKit" */;
			compatibilityVersion = "Xcode 3.2";
			developmentRegion = en;
			hasScannedForEncodings = 0;
			knownRegions = (
				en,
				Base,
			);
			mainGroup = E0B1C7D21CF4AC8800F19282;
			productRefGroup = E0B1C7DF1CF4ADBA00F19282 /* Products */;
			projectDirPath = "";
			projectRoot = "";
			targets = (
				E0B1C7DD1CF4ADBA00F19282 /* QoSKit_iOS */,
				E05D32BE21F0F77D005E77F1 /* QoSKitUnitTests */,
			);
		};
/* End PBXProject section */

/* Begin PBXResourcesBuildPhase section */
		E05D32BD21F0F77D005E77F1 /* Resources */ = {
			isa = PBXResourcesBuildPhase;
			buildActionMask = 2147483647;
			files = (
			);
			runOnlyForDeploymentPostprocessing = 0;
		};
		E0B1C7DC1CF4ADBA00F19282 /* Resources */ = {
			isa = PBXResourcesBuildPhase;
			buildActionMask = 2147483647;
			files = (
				E06951002110A6EB00CFA14B /* QoSKit.podspec.json in Resources */,
			);
			runOnlyForDeploymentPostprocessing = 0;
		};
/* End PBXResourcesBuildPhase section */

/* Begin PBXShellScriptBuildPhase section */
		186B49F16AD90FF628A92413 /* [CP] Check Pods Manifest.lock */ = {
			isa = PBXShellScriptBuildPhase;
			buildActionMask = 2147483647;
			files = (
			);
			inputPaths = (
				"${PODS_PODFILE_DIR_PATH}/Podfile.lock",
				"${PODS_ROOT}/Manifest.lock",
			);
			name = "[CP] Check Pods Manifest.lock";
			outputPaths = (
				"$(DERIVED_FILE_DIR)/Pods-All-QoSKit_iOS-checkManifestLockResult.txt",
			);
			runOnlyForDeploymentPostprocessing = 0;
			shellPath = /bin/sh;
			shellScript = "diff \"${PODS_PODFILE_DIR_PATH}/Podfile.lock\" \"${PODS_ROOT}/Manifest.lock\" > /dev/null\nif [ $? != 0 ] ; then\n    # print error to STDERR\n    echo \"error: The sandbox is not in sync with the Podfile.lock. Run 'pod install' or update your CocoaPods installation.\" >&2\n    exit 1\nfi\n# This output is used by Xcode 'outputs' to avoid re-running this script phase.\necho \"SUCCESS\" > \"${SCRIPT_OUTPUT_FILE_0}\"\n";
			showEnvVarsInLog = 0;
		};
		4E7A2C8BDEADA6E10F4FD08A /* [CP] Check Pods Manifest.lock */ = {
			isa = PBXShellScriptBuildPhase;
			buildActionMask = 2147483647;
			files = (
			);
			inputPaths = (
				"${PODS_PODFILE_DIR_PATH}/Podfile.lock",
				"${PODS_ROOT}/Manifest.lock",
			);
			name = "[CP] Check Pods Manifest.lock";
			outputPaths = (
				"$(DERIVED_FILE_DIR)/Pods-All-QoSKitUnitTests-checkManifestLockResult.txt",
			);
			runOnlyForDeploymentPostprocessing = 0;
			shellPath = /bin/sh;
			shellScript = "diff \"${PODS_PODFILE_DIR_PATH}/Podfile.lock\" \"${PODS_ROOT}/Manifest.lock\" > /dev/null\nif [ $? != 0 ] ; then\n    # print error to STDERR\n    echo \"error: The sandbox is not in sync with the Podfile.lock. Run 'pod install' or update your CocoaPods installation.\" >&2\n    exit 1\nfi\n# This output is used by Xcode 'outputs' to avoid re-running this script phase.\necho \"SUCCESS\" > \"${SCRIPT_OUTPUT_FILE_0}\"\n";
			showEnvVarsInLog = 0;
		};
		E0B9A407224D7059002AB640 /* Run swiftlint */ = {
			isa = PBXShellScriptBuildPhase;
			buildActionMask = 2147483647;
			files = (
			);
			inputFileListPaths = (
			);
			inputPaths = (
			);
			name = "Run swiftlint";
			outputFileListPaths = (
			);
			outputPaths = (
			);
			runOnlyForDeploymentPostprocessing = 0;
			shellPath = /bin/sh;
			shellScript = "if which ${PODS_ROOT}/SwiftLint/swiftlint >/dev/null; then\n  ${PODS_ROOT}/SwiftLint/swiftlint\nelse\n  echo \"warning: SwiftLint is not installed, run pod install.\"\nfi\n";
		};
		FD1DB0593DD052929597DD34 /* [CP] Embed Pods Frameworks */ = {
			isa = PBXShellScriptBuildPhase;
			buildActionMask = 2147483647;
			files = (
			);
			inputPaths = (
				"${PODS_ROOT}/Target Support Files/Pods-All-QoSKitUnitTests/Pods-All-QoSKitUnitTests-frameworks.sh",
				"${BUILT_PRODUCTS_DIR}/Alamofire/Alamofire.framework",
				"${BUILT_PRODUCTS_DIR}/BlueSocket/Socket.framework",
				"${BUILT_PRODUCTS_DIR}/CocoaAsyncSocket/CocoaAsyncSocket.framework",
				"${BUILT_PRODUCTS_DIR}/CodableJSON/CodableJSON.framework",
				"${BUILT_PRODUCTS_DIR}/ObjcExceptionBridging/ObjcExceptionBridging.framework",
				"${BUILT_PRODUCTS_DIR}/Repeat/Repeat.framework",
				"${BUILT_PRODUCTS_DIR}/WKWebViewWithURLProtocol/WKWebViewWithURLProtocol.framework",
				"${BUILT_PRODUCTS_DIR}/XCGLogger/XCGLogger.framework",
				"${PODS_ROOT}/mkall/mkall.framework",
				"${BUILT_PRODUCTS_DIR}/nntool-shared-swift/nntool_shared_swift.framework",
				"${BUILT_PRODUCTS_DIR}/Nimble/Nimble.framework",
			);
			name = "[CP] Embed Pods Frameworks";
			outputPaths = (
				"${TARGET_BUILD_DIR}/${FRAMEWORKS_FOLDER_PATH}/Alamofire.framework",
				"${TARGET_BUILD_DIR}/${FRAMEWORKS_FOLDER_PATH}/Socket.framework",
				"${TARGET_BUILD_DIR}/${FRAMEWORKS_FOLDER_PATH}/CocoaAsyncSocket.framework",
				"${TARGET_BUILD_DIR}/${FRAMEWORKS_FOLDER_PATH}/CodableJSON.framework",
				"${TARGET_BUILD_DIR}/${FRAMEWORKS_FOLDER_PATH}/ObjcExceptionBridging.framework",
				"${TARGET_BUILD_DIR}/${FRAMEWORKS_FOLDER_PATH}/Repeat.framework",
				"${TARGET_BUILD_DIR}/${FRAMEWORKS_FOLDER_PATH}/WKWebViewWithURLProtocol.framework",
				"${TARGET_BUILD_DIR}/${FRAMEWORKS_FOLDER_PATH}/XCGLogger.framework",
				"${TARGET_BUILD_DIR}/${FRAMEWORKS_FOLDER_PATH}/mkall.framework",
				"${TARGET_BUILD_DIR}/${FRAMEWORKS_FOLDER_PATH}/nntool_shared_swift.framework",
				"${TARGET_BUILD_DIR}/${FRAMEWORKS_FOLDER_PATH}/Nimble.framework",
			);
			runOnlyForDeploymentPostprocessing = 0;
			shellPath = /bin/sh;
			shellScript = "\"${PODS_ROOT}/Target Support Files/Pods-All-QoSKitUnitTests/Pods-All-QoSKitUnitTests-frameworks.sh\"\n";
			showEnvVarsInLog = 0;
		};
/* End PBXShellScriptBuildPhase section */

/* Begin PBXSourcesBuildPhase section */
		E05D32BB21F0F77D005E77F1 /* Sources */ = {
			isa = PBXSourcesBuildPhase;
			buildActionMask = 2147483647;
			files = (
				E0EB4D382343E13C0068BE34 /* RTPPacketTests.swift in Sources */,
				E05D32C221F0F77D005E77F1 /* QoSKitUnitTests.swift in Sources */,
			);
			runOnlyForDeploymentPostprocessing = 0;
		};
		E0B1C7D91CF4ADBA00F19282 /* Sources */ = {
			isa = PBXSourcesBuildPhase;
			buildActionMask = 2147483647;
			files = (
				E05487EE231C5E3100B47184 /* MKAsyncTaskWrapper.m in Sources */,
				E05487E5231C3C7400B47184 /* MeasurementKitTask.swift in Sources */,
				E05D32F421F63CAA005E77F1 /* ControlConnection.swift in Sources */,
				E0EA84CF22804CE200EB73BF /* QoSTaskExecutor.swift in Sources */,
				E05D32FA21F7741F005E77F1 /* QoSLog.swift in Sources */,
				E044DDF322D39FEE00BB70CE /* WebsiteRenderingTask.swift in Sources */,
				E0B950CE231EF85D0069F20A /* SipTask.swift in Sources */,
				E031300A2326CEF500B6FE19 /* VoipTask.swift in Sources */,
				E05487EC231C48DD00B47184 /* MeasurementKitEventType.swift in Sources */,
				E044DDF022D37B9900BB70CE /* NonTransparentProxyTask.swift in Sources */,
				E05487EA231C461500B47184 /* MeasurementKitEvent.swift in Sources */,
				E0EB4D352343D4040068BE34 /* RTPPacket.swift in Sources */,
				E0EA84D222804CE200EB73BF /* QoSTaskGroup.swift in Sources */,
				E0EB4D322343D2120068BE34 /* UdpStreamUtil.swift in Sources */,
				E05D32E721F61ED8005E77F1 /* TcpStreamUtil.swift in Sources */,
				E08FC3552212DDC50018E747 /* SocketProtocols.swift in Sources */,
				E0C4527822CE0B5700FA4B44 /* QoSLogger.swift in Sources */,
				E0EA84DC22804D0100EB73BF /* ControlConnectionParameters.swift in Sources */,
				E0EA84D922804CE200EB73BF /* QoSTaskExecutorDelegate.swift in Sources */,
				E044DDF822D3A19500BB70CE /* WebsiteTaskRunner.swift in Sources */,
				E0EA84D022804CE200EB73BF /* QoSTaskStatus.swift in Sources */,
				E05D331A21FA0255005E77F1 /* TaskType.swift in Sources */,
				E029275122D79597001FCAEC /* TaskError.swift in Sources */,
				E05487E3231B06C400B47184 /* TracerouteTask.swift in Sources */,
				E0EA84D422804CE200EB73BF /* UdpPortTask.swift in Sources */,
				B180E11E22849CA4000CF9E2 /* QoSBidirectionalIpTask.swift in Sources */,
				E0EA84D322804CE200EB73BF /* DnsTask.swift in Sources */,
				E03130082322B5F100B6FE19 /* SipMessage.swift in Sources */,
				E0EA84DD22804D0100EB73BF /* RequireControlConnection.swift in Sources */,
				E0EB4D3B2343E7B70068BE34 /* ByteUtil.swift in Sources */,
				E0C4526E22CCCAA800FA4B44 /* HttpProxyTask.swift in Sources */,
				B13EEE3523ECA3AF00663F42 /* AudioStreamingTask.swift in Sources */,
				E0EA84D522804CE200EB73BF /* TcpPortTask.swift in Sources */,
				E0EA84D622804CE200EB73BF /* QoSTask.swift in Sources */,
				E0EA84D722804CE200EB73BF /* EchoProtocolTask.swift in Sources */,
				E0EA84D822804CE200EB73BF /* QoSControlConnectionTask.swift in Sources */,
				E044DDF922D3A19900BB70CE /* WebsiteTaskUrlProtocol.swift in Sources */,
			);
			runOnlyForDeploymentPostprocessing = 0;
		};
/* End PBXSourcesBuildPhase section */

/* Begin PBXTargetDependency section */
		E05D32C621F0F77D005E77F1 /* PBXTargetDependency */ = {
			isa = PBXTargetDependency;
			target = E0B1C7DD1CF4ADBA00F19282 /* QoSKit_iOS */;
			targetProxy = E05D32C521F0F77D005E77F1 /* PBXContainerItemProxy */;
		};
/* End PBXTargetDependency section */

/* Begin XCBuildConfiguration section */
		E05D32C821F0F77D005E77F1 /* Debug */ = {
			isa = XCBuildConfiguration;
			baseConfigurationReference = 0D9E8BEA8568731BB793D0E7 /* Pods-All-QoSKitUnitTests.debug.xcconfig */;
			buildSettings = {
				CLANG_ANALYZER_NONNULL = YES;
				CLANG_ANALYZER_NUMBER_OBJECT_CONVERSION = YES_AGGRESSIVE;
				CLANG_CXX_LANGUAGE_STANDARD = "gnu++14";
				CLANG_ENABLE_MODULES = YES;
				CLANG_ENABLE_OBJC_ARC = YES;
				CLANG_ENABLE_OBJC_WEAK = YES;
				CLANG_WARN_DIRECT_OBJC_ISA_USAGE = YES_ERROR;
				CLANG_WARN_DOCUMENTATION_COMMENTS = YES;
				CLANG_WARN_OBJC_ROOT_CLASS = YES_ERROR;
				CLANG_WARN_UNGUARDED_AVAILABILITY = YES_AGGRESSIVE;
				CODE_SIGN_IDENTITY = "iPhone Developer";
				CODE_SIGN_STYLE = Manual;
				COPY_PHASE_STRIP = NO;
				DEBUG_INFORMATION_FORMAT = dwarf;
				DEVELOPMENT_TEAM = "";
				GCC_C_LANGUAGE_STANDARD = gnu11;
				GCC_DYNAMIC_NO_PIC = NO;
				GCC_OPTIMIZATION_LEVEL = 0;
				GCC_PREPROCESSOR_DEFINITIONS = (
					"DEBUG=1",
					"$(inherited)",
				);
				GCC_WARN_ABOUT_RETURN_TYPE = YES_ERROR;
				GCC_WARN_UNINITIALIZED_AUTOS = YES_AGGRESSIVE;
				INFOPLIST_FILE = QoSKitUnitTests/Info.plist;
				IPHONEOS_DEPLOYMENT_TARGET = 12.0;
				LD_RUNPATH_SEARCH_PATHS = "$(inherited) @executable_path/Frameworks @loader_path/Frameworks";
				MTL_ENABLE_DEBUG_INFO = INCLUDE_SOURCE;
				MTL_FAST_MATH = YES;
				PRODUCT_BUNDLE_IDENTIFIER = at.alladin.nettest.berec.client.qoskit.QoSKitUnitTests;
				PRODUCT_NAME = "$(TARGET_NAME)";
				PROVISIONING_PROFILE_SPECIFIER = "";
				SDKROOT = iphoneos;
				SWIFT_ACTIVE_COMPILATION_CONDITIONS = DEBUG;
				SWIFT_OPTIMIZATION_LEVEL = "-Onone";
				SWIFT_VERSION = 5.0;
				TARGETED_DEVICE_FAMILY = "1,2";
				VALID_ARCHS = "arm64 arm64e armv7s";
			};
			name = Debug;
		};
		E05D32C921F0F77D005E77F1 /* Release */ = {
			isa = XCBuildConfiguration;
			baseConfigurationReference = 7C8C283F3ADDF29FAC8A7F46 /* Pods-All-QoSKitUnitTests.release.xcconfig */;
			buildSettings = {
				CLANG_ANALYZER_NONNULL = YES;
				CLANG_ANALYZER_NUMBER_OBJECT_CONVERSION = YES_AGGRESSIVE;
				CLANG_CXX_LANGUAGE_STANDARD = "gnu++14";
				CLANG_ENABLE_MODULES = YES;
				CLANG_ENABLE_OBJC_ARC = YES;
				CLANG_ENABLE_OBJC_WEAK = YES;
				CLANG_WARN_DIRECT_OBJC_ISA_USAGE = YES_ERROR;
				CLANG_WARN_DOCUMENTATION_COMMENTS = YES;
				CLANG_WARN_OBJC_ROOT_CLASS = YES_ERROR;
				CLANG_WARN_UNGUARDED_AVAILABILITY = YES_AGGRESSIVE;
				CODE_SIGN_IDENTITY = "iPhone Developer";
				CODE_SIGN_STYLE = Manual;
				COPY_PHASE_STRIP = NO;
				DEBUG_INFORMATION_FORMAT = "dwarf-with-dsym";
				DEVELOPMENT_TEAM = "";
				ENABLE_NS_ASSERTIONS = NO;
				GCC_C_LANGUAGE_STANDARD = gnu11;
				GCC_WARN_ABOUT_RETURN_TYPE = YES_ERROR;
				GCC_WARN_UNINITIALIZED_AUTOS = YES_AGGRESSIVE;
				INFOPLIST_FILE = QoSKitUnitTests/Info.plist;
				IPHONEOS_DEPLOYMENT_TARGET = 12.0;
				LD_RUNPATH_SEARCH_PATHS = "$(inherited) @executable_path/Frameworks @loader_path/Frameworks";
				MTL_ENABLE_DEBUG_INFO = NO;
				MTL_FAST_MATH = YES;
				PRODUCT_BUNDLE_IDENTIFIER = at.alladin.nettest.berec.client.qoskit.QoSKitUnitTests;
				PRODUCT_NAME = "$(TARGET_NAME)";
				PROVISIONING_PROFILE_SPECIFIER = "";
				SDKROOT = iphoneos;
				SWIFT_VERSION = 5.0;
				TARGETED_DEVICE_FAMILY = "1,2";
				VALIDATE_PRODUCT = YES;
				VALID_ARCHS = "arm64 arm64e armv7s";
			};
			name = Release;
		};
		E0B1C7D71CF4AC8800F19282 /* Debug */ = {
			isa = XCBuildConfiguration;
			buildSettings = {
				ALWAYS_SEARCH_USER_PATHS = NO;
				APPLICATION_EXTENSION_API_ONLY = YES;
				CLANG_WARN_BLOCK_CAPTURE_AUTORELEASING = YES;
				CLANG_WARN_BOOL_CONVERSION = YES;
				CLANG_WARN_COMMA = YES;
				CLANG_WARN_CONSTANT_CONVERSION = YES;
				CLANG_WARN_DEPRECATED_OBJC_IMPLEMENTATIONS = YES;
				CLANG_WARN_EMPTY_BODY = YES;
				CLANG_WARN_ENUM_CONVERSION = YES;
				CLANG_WARN_INFINITE_RECURSION = YES;
				CLANG_WARN_INT_CONVERSION = YES;
				CLANG_WARN_NON_LITERAL_NULL_CONVERSION = YES;
				CLANG_WARN_OBJC_IMPLICIT_RETAIN_SELF = YES;
				CLANG_WARN_OBJC_LITERAL_CONVERSION = YES;
				CLANG_WARN_RANGE_LOOP_ANALYSIS = YES;
				CLANG_WARN_STRICT_PROTOTYPES = YES;
				CLANG_WARN_SUSPICIOUS_MOVE = YES;
				CLANG_WARN_UNREACHABLE_CODE = YES;
				CLANG_WARN__DUPLICATE_METHOD_MATCH = YES;
				ENABLE_STRICT_OBJC_MSGSEND = YES;
				ENABLE_TESTABILITY = YES;
				GCC_NO_COMMON_BLOCKS = YES;
				GCC_WARN_64_TO_32_BIT_CONVERSION = YES;
				GCC_WARN_ABOUT_RETURN_TYPE = YES;
				GCC_WARN_UNDECLARED_SELECTOR = YES;
				GCC_WARN_UNINITIALIZED_AUTOS = YES;
				GCC_WARN_UNUSED_FUNCTION = YES;
				GCC_WARN_UNUSED_VARIABLE = YES;
				IPHONEOS_DEPLOYMENT_TARGET = 10.0;
				ONLY_ACTIVE_ARCH = YES;
				SWIFT_VERSION = 5.0;
			};
			name = Debug;
		};
		E0B1C7D81CF4AC8800F19282 /* Release */ = {
			isa = XCBuildConfiguration;
			buildSettings = {
				ALWAYS_SEARCH_USER_PATHS = NO;
				APPLICATION_EXTENSION_API_ONLY = YES;
				CLANG_WARN_BLOCK_CAPTURE_AUTORELEASING = YES;
				CLANG_WARN_BOOL_CONVERSION = YES;
				CLANG_WARN_COMMA = YES;
				CLANG_WARN_CONSTANT_CONVERSION = YES;
				CLANG_WARN_DEPRECATED_OBJC_IMPLEMENTATIONS = YES;
				CLANG_WARN_EMPTY_BODY = YES;
				CLANG_WARN_ENUM_CONVERSION = YES;
				CLANG_WARN_INFINITE_RECURSION = YES;
				CLANG_WARN_INT_CONVERSION = YES;
				CLANG_WARN_NON_LITERAL_NULL_CONVERSION = YES;
				CLANG_WARN_OBJC_IMPLICIT_RETAIN_SELF = YES;
				CLANG_WARN_OBJC_LITERAL_CONVERSION = YES;
				CLANG_WARN_RANGE_LOOP_ANALYSIS = YES;
				CLANG_WARN_STRICT_PROTOTYPES = YES;
				CLANG_WARN_SUSPICIOUS_MOVE = YES;
				CLANG_WARN_UNREACHABLE_CODE = YES;
				CLANG_WARN__DUPLICATE_METHOD_MATCH = YES;
				ENABLE_STRICT_OBJC_MSGSEND = YES;
				GCC_NO_COMMON_BLOCKS = YES;
				GCC_WARN_64_TO_32_BIT_CONVERSION = YES;
				GCC_WARN_ABOUT_RETURN_TYPE = YES;
				GCC_WARN_UNDECLARED_SELECTOR = YES;
				GCC_WARN_UNINITIALIZED_AUTOS = YES;
				GCC_WARN_UNUSED_FUNCTION = YES;
				GCC_WARN_UNUSED_VARIABLE = YES;
				IPHONEOS_DEPLOYMENT_TARGET = 10.0;
				SWIFT_OPTIMIZATION_LEVEL = "-Owholemodule";
				SWIFT_VERSION = 5.0;
			};
			name = Release;
		};
		E0B1C7E51CF4ADBA00F19282 /* Debug */ = {
			isa = XCBuildConfiguration;
			baseConfigurationReference = E06950F221109FCC00CFA14B /* QoSKit_iOS_Debug.xcconfig */;
			buildSettings = {
				APPLICATION_EXTENSION_API_ONLY = NO;
				CLANG_ALLOW_NON_MODULAR_INCLUDES_IN_FRAMEWORK_MODULES = YES;
				CLANG_ANALYZER_NONNULL = YES;
				CLANG_ENABLE_MODULES = YES;
				CLANG_ENABLE_OBJC_ARC = YES;
				CLANG_WARN_BOOL_CONVERSION = YES;
				CLANG_WARN_CONSTANT_CONVERSION = YES;
				CLANG_WARN_DIRECT_OBJC_ISA_USAGE = YES_ERROR;
				CLANG_WARN_EMPTY_BODY = YES;
				CLANG_WARN_ENUM_CONVERSION = YES;
				CLANG_WARN_INT_CONVERSION = YES;
				CLANG_WARN_OBJC_ROOT_CLASS = YES_ERROR;
				CLANG_WARN_UNREACHABLE_CODE = YES;
				CLANG_WARN__DUPLICATE_METHOD_MATCH = YES;
				"CODE_SIGN_IDENTITY[sdk=iphoneos*]" = "";
				COPY_PHASE_STRIP = NO;
				CURRENT_PROJECT_VERSION = 1;
				DEBUG_INFORMATION_FORMAT = dwarf;
				DEFINES_MODULE = YES;
				DYLIB_COMPATIBILITY_VERSION = 1;
				DYLIB_CURRENT_VERSION = 1;
				DYLIB_INSTALL_NAME_BASE = "@rpath";
				ENABLE_BITCODE = NO;
				ENABLE_STRICT_OBJC_MSGSEND = YES;
				ENABLE_TESTABILITY = YES;
				GCC_DYNAMIC_NO_PIC = NO;
				GCC_NO_COMMON_BLOCKS = YES;
				GCC_OPTIMIZATION_LEVEL = 0;
				GCC_PREPROCESSOR_DEFINITIONS = (
					"DEBUG=1",
					"$(inherited)",
				);
				GCC_WARN_64_TO_32_BIT_CONVERSION = YES;
				GCC_WARN_ABOUT_RETURN_TYPE = YES_ERROR;
				GCC_WARN_UNDECLARED_SELECTOR = YES;
				GCC_WARN_UNINITIALIZED_AUTOS = YES_AGGRESSIVE;
				GCC_WARN_UNUSED_FUNCTION = YES;
				GCC_WARN_UNUSED_VARIABLE = YES;
				INFOPLIST_FILE = "Configurations/iOS/Info-iOS.plist";
				INSTALL_PATH = "$(LOCAL_LIBRARY_DIR)/Frameworks";
				IPHONEOS_DEPLOYMENT_TARGET = 10.0;
				LD_RUNPATH_SEARCH_PATHS = "$(inherited) @executable_path/Frameworks @loader_path/Frameworks";
				MODULEMAP_PRIVATE_FILE = "";
				MTL_ENABLE_DEBUG_INFO = YES;
				PRODUCT_BUNDLE_IDENTIFIER = at.alladin.nettest.berec.client.qoskit;
				PRODUCT_NAME = QoSKit;
				SDKROOT = iphoneos;
				SKIP_INSTALL = YES;
				SWIFT_OPTIMIZATION_LEVEL = "-Onone";
				SWIFT_VERSION = 5.0;
				TARGETED_DEVICE_FAMILY = "1,2";
				VALID_ARCHS = "arm64 armv7s";
				VERSIONING_SYSTEM = "apple-generic";
				VERSION_INFO_PREFIX = "";
			};
			name = Debug;
		};
		E0B1C7E61CF4ADBA00F19282 /* Release */ = {
			isa = XCBuildConfiguration;
			baseConfigurationReference = E06950F521109FCC00CFA14B /* QoSKit_iOS_Release.xcconfig */;
			buildSettings = {
				APPLICATION_EXTENSION_API_ONLY = NO;
				CLANG_ALLOW_NON_MODULAR_INCLUDES_IN_FRAMEWORK_MODULES = YES;
				CLANG_ANALYZER_NONNULL = YES;
				CLANG_ENABLE_MODULES = YES;
				CLANG_ENABLE_OBJC_ARC = YES;
				CLANG_WARN_BOOL_CONVERSION = YES;
				CLANG_WARN_CONSTANT_CONVERSION = YES;
				CLANG_WARN_DIRECT_OBJC_ISA_USAGE = YES_ERROR;
				CLANG_WARN_EMPTY_BODY = YES;
				CLANG_WARN_ENUM_CONVERSION = YES;
				CLANG_WARN_INT_CONVERSION = YES;
				CLANG_WARN_OBJC_ROOT_CLASS = YES_ERROR;
				CLANG_WARN_UNREACHABLE_CODE = YES;
				CLANG_WARN__DUPLICATE_METHOD_MATCH = YES;
				"CODE_SIGN_IDENTITY[sdk=iphoneos*]" = "";
				COPY_PHASE_STRIP = NO;
				CURRENT_PROJECT_VERSION = 1;
				DEBUG_INFORMATION_FORMAT = "dwarf-with-dsym";
				DEFINES_MODULE = YES;
				DYLIB_COMPATIBILITY_VERSION = 1;
				DYLIB_CURRENT_VERSION = 1;
				DYLIB_INSTALL_NAME_BASE = "@rpath";
				ENABLE_BITCODE = NO;
				ENABLE_NS_ASSERTIONS = NO;
				ENABLE_STRICT_OBJC_MSGSEND = YES;
				GCC_NO_COMMON_BLOCKS = YES;
				GCC_WARN_64_TO_32_BIT_CONVERSION = YES;
				GCC_WARN_ABOUT_RETURN_TYPE = YES_ERROR;
				GCC_WARN_UNDECLARED_SELECTOR = YES;
				GCC_WARN_UNINITIALIZED_AUTOS = YES_AGGRESSIVE;
				GCC_WARN_UNUSED_FUNCTION = YES;
				GCC_WARN_UNUSED_VARIABLE = YES;
				INFOPLIST_FILE = "Configurations/iOS/Info-iOS.plist";
				INSTALL_PATH = "$(LOCAL_LIBRARY_DIR)/Frameworks";
				IPHONEOS_DEPLOYMENT_TARGET = 10.0;
				LD_RUNPATH_SEARCH_PATHS = "$(inherited) @executable_path/Frameworks @loader_path/Frameworks";
				MODULEMAP_PRIVATE_FILE = "";
				MTL_ENABLE_DEBUG_INFO = NO;
				PRODUCT_BUNDLE_IDENTIFIER = at.alladin.nettest.berec.client.qoskit;
				PRODUCT_NAME = QoSKit;
				SDKROOT = iphoneos;
				SKIP_INSTALL = YES;
				SWIFT_VERSION = 5.0;
				TARGETED_DEVICE_FAMILY = "1,2";
				VALIDATE_PRODUCT = YES;
				VALID_ARCHS = "arm64 armv7s";
				VERSIONING_SYSTEM = "apple-generic";
				VERSION_INFO_PREFIX = "";
			};
			name = Release;
		};
/* End XCBuildConfiguration section */

/* Begin XCConfigurationList section */
		E05D32C721F0F77D005E77F1 /* Build configuration list for PBXNativeTarget "QoSKitUnitTests" */ = {
			isa = XCConfigurationList;
			buildConfigurations = (
				E05D32C821F0F77D005E77F1 /* Debug */,
				E05D32C921F0F77D005E77F1 /* Release */,
			);
			defaultConfigurationIsVisible = 0;
			defaultConfigurationName = Release;
		};
		E0B1C7D61CF4AC8800F19282 /* Build configuration list for PBXProject "QoSKit" */ = {
			isa = XCConfigurationList;
			buildConfigurations = (
				E0B1C7D71CF4AC8800F19282 /* Debug */,
				E0B1C7D81CF4AC8800F19282 /* Release */,
			);
			defaultConfigurationIsVisible = 0;
			defaultConfigurationName = Release;
		};
		E0B1C7E41CF4ADBA00F19282 /* Build configuration list for PBXNativeTarget "QoSKit_iOS" */ = {
			isa = XCConfigurationList;
			buildConfigurations = (
				E0B1C7E51CF4ADBA00F19282 /* Debug */,
				E0B1C7E61CF4ADBA00F19282 /* Release */,
			);
			defaultConfigurationIsVisible = 0;
			defaultConfigurationName = Release;
		};
/* End XCConfigurationList section */
	};
	rootObject = E0B1C7D31CF4AC8800F19282 /* Project object */;
}
