// !$*UTF8*$!
{
	archiveVersion = 1;
	classes = {
	};
	objectVersion = 50;
	objects = {

/* Begin PBXBuildFile section */
		E026A5822241271700BACDB5 /* AppDelegate.swift in Sources */ = {isa = PBXBuildFile; fileRef = E026A5812241271700BACDB5 /* AppDelegate.swift */; };
		E026A5892241271700BACDB5 /* Main.storyboard in Resources */ = {isa = PBXBuildFile; fileRef = E026A5872241271700BACDB5 /* Main.storyboard */; };
		E026A58B2241271900BACDB5 /* Assets.xcassets in Resources */ = {isa = PBXBuildFile; fileRef = E026A58A2241271900BACDB5 /* Assets.xcassets */; };
		E026A58E2241271900BACDB5 /* LaunchScreen.storyboard in Resources */ = {isa = PBXBuildFile; fileRef = E026A58C2241271900BACDB5 /* LaunchScreen.storyboard */; };
		E026A5992241271A00BACDB5 /* iosAppTests.swift in Sources */ = {isa = PBXBuildFile; fileRef = E026A5982241271A00BACDB5 /* iosAppTests.swift */; };
		E026A5A42241271A00BACDB5 /* iosAppUITests.swift in Sources */ = {isa = PBXBuildFile; fileRef = E026A5A32241271A00BACDB5 /* iosAppUITests.swift */; };
		E0AF3DE922413B7C00FDBFD1 /* MapViewController.swift in Sources */ = {isa = PBXBuildFile; fileRef = E0AF3DE822413B7C00FDBFD1 /* MapViewController.swift */; };
		E0AF3DEB22413B9800FDBFD1 /* HomeViewController.swift in Sources */ = {isa = PBXBuildFile; fileRef = E0AF3DEA22413B9800FDBFD1 /* HomeViewController.swift */; };
		E0AF3DF122413BF200FDBFD1 /* SettingsTableViewController.swift in Sources */ = {isa = PBXBuildFile; fileRef = E0AF3DF022413BF200FDBFD1 /* SettingsTableViewController.swift */; };
		E0AF3DF322413C1100FDBFD1 /* InfoTableViewController.swift in Sources */ = {isa = PBXBuildFile; fileRef = E0AF3DF222413C1100FDBFD1 /* InfoTableViewController.swift */; };
		E0AF3DF522413C2B00FDBFD1 /* StatisticsViewController.swift in Sources */ = {isa = PBXBuildFile; fileRef = E0AF3DF422413C2B00FDBFD1 /* StatisticsViewController.swift */; };
		E0AF3DFA22413C9500FDBFD1 /* HistoryTableViewController.swift in Sources */ = {isa = PBXBuildFile; fileRef = E0AF3DF922413C9500FDBFD1 /* HistoryTableViewController.swift */; };
		E0AF3DFD2241520A00FDBFD1 /* TermsAndConditionsViewController.swift in Sources */ = {isa = PBXBuildFile; fileRef = E0AF3DFC2241520A00FDBFD1 /* TermsAndConditionsViewController.swift */; };
		E0B9A33522498127002AB640 /* MeasurementViewController.swift in Sources */ = {isa = PBXBuildFile; fileRef = E0B9A33422498127002AB640 /* MeasurementViewController.swift */; };
		E0B9A3392249826E002AB640 /* SpeedMeasurementGaugeView.xib in Resources */ = {isa = PBXBuildFile; fileRef = E0B9A3382249826E002AB640 /* SpeedMeasurementGaugeView.xib */; };
		E0B9A33B224A5BCA002AB640 /* ProgressInfoBar.xib in Resources */ = {isa = PBXBuildFile; fileRef = E0B9A33A224A5BCA002AB640 /* ProgressInfoBar.xib */; };
		E0B9A33E224A5C24002AB640 /* ProgressInfoBar.swift in Sources */ = {isa = PBXBuildFile; fileRef = E0B9A33D224A5C24002AB640 /* ProgressInfoBar.swift */; };
		E0B9A341224A5F85002AB640 /* GaugeProtocol.swift in Sources */ = {isa = PBXBuildFile; fileRef = E0B9A340224A5F85002AB640 /* GaugeProtocol.swift */; };
		E0B9A343224A6017002AB640 /* AbstractTwoArcGaugeView.swift in Sources */ = {isa = PBXBuildFile; fileRef = E0B9A342224A6017002AB640 /* AbstractTwoArcGaugeView.swift */; };
		E0B9A345224A61DB002AB640 /* SpeedMeasurementGauge.swift in Sources */ = {isa = PBXBuildFile; fileRef = E0B9A344224A61DB002AB640 /* SpeedMeasurementGauge.swift */; };
		E0B9A347224A62A3002AB640 /* CoreGraphicsHelper.swift in Sources */ = {isa = PBXBuildFile; fileRef = E0B9A346224A62A3002AB640 /* CoreGraphicsHelper.swift */; };
		E0B9A34A224A81CE002AB640 /* UIColor+RGB.swift in Sources */ = {isa = PBXBuildFile; fileRef = E0B9A349224A81CE002AB640 /* UIColor+RGB.swift */; };
		E0B9A34C224A866C002AB640 /* CoreGraphicsHelper+DrawCenteredTextOnArc.swift in Sources */ = {isa = PBXBuildFile; fileRef = E0B9A34B224A866C002AB640 /* CoreGraphicsHelper+DrawCenteredTextOnArc.swift */; };
		E0B9A34E224A8938002AB640 /* SpeedMeasurementGaugeView.swift in Sources */ = {isa = PBXBuildFile; fileRef = E0B9A34D224A8938002AB640 /* SpeedMeasurementGaugeView.swift */; };
		E0B9A351224A8F65002AB640 /* NibView.swift in Sources */ = {isa = PBXBuildFile; fileRef = E0B9A350224A8F65002AB640 /* NibView.swift */; };
		E0B9A353224A906E002AB640 /* CircularButton.swift in Sources */ = {isa = PBXBuildFile; fileRef = E0B9A352224A906E002AB640 /* CircularButton.swift */; };
		E0B9A355224AAC09002AB640 /* CustomNavigationBarViewController.swift in Sources */ = {isa = PBXBuildFile; fileRef = E0B9A354224AAC09002AB640 /* CustomNavigationBarViewController.swift */; };
		E0B9A357224AAD62002AB640 /* HomeScreenDeviceInformationView.xib in Resources */ = {isa = PBXBuildFile; fileRef = E0B9A356224AAD62002AB640 /* HomeScreenDeviceInformationView.xib */; };
		E0B9A359224AB092002AB640 /* HomeScreenDeviceInformationView.swift in Sources */ = {isa = PBXBuildFile; fileRef = E0B9A358224AB092002AB640 /* HomeScreenDeviceInformationView.swift */; };
		E0B9A35B224AB2FE002AB640 /* HomeScreenMeasurementPeerSelectionView.swift in Sources */ = {isa = PBXBuildFile; fileRef = E0B9A35A224AB2FE002AB640 /* HomeScreenMeasurementPeerSelectionView.swift */; };
		E0B9A35D224AB335002AB640 /* HomeScreenMeasurementPeerSelectionView.xib in Resources */ = {isa = PBXBuildFile; fileRef = E0B9A35C224AB335002AB640 /* HomeScreenMeasurementPeerSelectionView.xib */; };
		E0B9A35F224AB835002AB640 /* SpeedMeasurementBasicResultView.xib in Resources */ = {isa = PBXBuildFile; fileRef = E0B9A35E224AB835002AB640 /* SpeedMeasurementBasicResultView.xib */; };
		E0B9A361224AB850002AB640 /* SpeedMeasurementBasicResultView.swift in Sources */ = {isa = PBXBuildFile; fileRef = E0B9A360224AB850002AB640 /* SpeedMeasurementBasicResultView.swift */; };
		E0B9A367224ABD25002AB640 /* QoSGroupProgressCell.swift in Sources */ = {isa = PBXBuildFile; fileRef = E0B9A366224ABD25002AB640 /* QoSGroupProgressCell.swift */; };
		E0B9A36B224B812A002AB640 /* TermsAndConditionsInfoViewController.swift in Sources */ = {isa = PBXBuildFile; fileRef = E0B9A36A224B812A002AB640 /* TermsAndConditionsInfoViewController.swift */; };
		E0B9A36D224B9603002AB640 /* TermsAndConditionsView.swift in Sources */ = {isa = PBXBuildFile; fileRef = E0B9A36C224B9603002AB640 /* TermsAndConditionsView.swift */; };
		E0B9A36F224B96EF002AB640 /* UIView+InsertContentView.swift in Sources */ = {isa = PBXBuildFile; fileRef = E0B9A36E224B96EF002AB640 /* UIView+InsertContentView.swift */; };
		E0B9A371224B9A66002AB640 /* QoSMeasurementViewController.swift in Sources */ = {isa = PBXBuildFile; fileRef = E0B9A370224B9A66002AB640 /* QoSMeasurementViewController.swift */; };
		E0B9A373224B9CD0002AB640 /* QoSProgressView.swift in Sources */ = {isa = PBXBuildFile; fileRef = E0B9A372224B9CD0002AB640 /* QoSProgressView.swift */; };
		E0B9A375224C01FD002AB640 /* berec-icons.ttf in Resources */ = {isa = PBXBuildFile; fileRef = E0B9A374224C01FD002AB640 /* berec-icons.ttf */; };
		E0B9A377224C06A9002AB640 /* IconFont.swift in Sources */ = {isa = PBXBuildFile; fileRef = E0B9A376224C06A9002AB640 /* IconFont.swift */; };
		E0B9A379224C0802002AB640 /* UIKit+IconFont.swift in Sources */ = {isa = PBXBuildFile; fileRef = E0B9A378224C0802002AB640 /* UIKit+IconFont.swift */; };
		E0B9A37D224C1349002AB640 /* UIViewController+WebBrowser.swift in Sources */ = {isa = PBXBuildFile; fileRef = E0B9A37C224C1349002AB640 /* UIViewController+WebBrowser.swift */; };
		E860F5CA7C59FD468EEE2892 /* Pods_All_ios_app.framework in Frameworks */ = {isa = PBXBuildFile; fileRef = 91316B94C5B307833124DBA0 /* Pods_All_ios_app.framework */; };
/* End PBXBuildFile section */

/* Begin PBXContainerItemProxy section */
		E026A5952241271A00BACDB5 /* PBXContainerItemProxy */ = {
			isa = PBXContainerItemProxy;
			containerPortal = E026A5762241271700BACDB5 /* Project object */;
			proxyType = 1;
			remoteGlobalIDString = E026A57D2241271700BACDB5;
			remoteInfo = "ios-app";
		};
		E026A5A02241271A00BACDB5 /* PBXContainerItemProxy */ = {
			isa = PBXContainerItemProxy;
			containerPortal = E026A5762241271700BACDB5 /* Project object */;
			proxyType = 1;
			remoteGlobalIDString = E026A57D2241271700BACDB5;
			remoteInfo = "ios-app";
		};
/* End PBXContainerItemProxy section */

/* Begin PBXFileReference section */
		91316B94C5B307833124DBA0 /* Pods_All_ios_app.framework */ = {isa = PBXFileReference; explicitFileType = wrapper.framework; includeInIndex = 0; path = Pods_All_ios_app.framework; sourceTree = BUILT_PRODUCTS_DIR; };
		9A7B01F143D9A74599DAC596 /* Pods-All-ios-app.debug.xcconfig */ = {isa = PBXFileReference; includeInIndex = 1; lastKnownFileType = text.xcconfig; name = "Pods-All-ios-app.debug.xcconfig"; path = "Target Support Files/Pods-All-ios-app/Pods-All-ios-app.debug.xcconfig"; sourceTree = "<group>"; };
		D329819C8E115D34CA521957 /* Pods-All-ios-app.release.xcconfig */ = {isa = PBXFileReference; includeInIndex = 1; lastKnownFileType = text.xcconfig; name = "Pods-All-ios-app.release.xcconfig"; path = "Target Support Files/Pods-All-ios-app/Pods-All-ios-app.release.xcconfig"; sourceTree = "<group>"; };
		E026A57E2241271700BACDB5 /* ios-app.app */ = {isa = PBXFileReference; explicitFileType = wrapper.application; includeInIndex = 0; path = "ios-app.app"; sourceTree = BUILT_PRODUCTS_DIR; };
		E026A5812241271700BACDB5 /* AppDelegate.swift */ = {isa = PBXFileReference; lastKnownFileType = sourcecode.swift; path = AppDelegate.swift; sourceTree = "<group>"; };
		E026A5882241271700BACDB5 /* Base */ = {isa = PBXFileReference; lastKnownFileType = file.storyboard; name = Base; path = Base.lproj/Main.storyboard; sourceTree = "<group>"; };
		E026A58A2241271900BACDB5 /* Assets.xcassets */ = {isa = PBXFileReference; lastKnownFileType = folder.assetcatalog; path = Assets.xcassets; sourceTree = "<group>"; };
		E026A58D2241271900BACDB5 /* Base */ = {isa = PBXFileReference; lastKnownFileType = file.storyboard; name = Base; path = Base.lproj/LaunchScreen.storyboard; sourceTree = "<group>"; };
		E026A58F2241271900BACDB5 /* Info.plist */ = {isa = PBXFileReference; lastKnownFileType = text.plist.xml; path = Info.plist; sourceTree = "<group>"; };
		E026A5942241271A00BACDB5 /* ios-appTests.xctest */ = {isa = PBXFileReference; explicitFileType = wrapper.cfbundle; includeInIndex = 0; path = "ios-appTests.xctest"; sourceTree = BUILT_PRODUCTS_DIR; };
		E026A5982241271A00BACDB5 /* iosAppTests.swift */ = {isa = PBXFileReference; lastKnownFileType = sourcecode.swift; path = iosAppTests.swift; sourceTree = "<group>"; };
		E026A59A2241271A00BACDB5 /* Info.plist */ = {isa = PBXFileReference; lastKnownFileType = text.plist.xml; path = Info.plist; sourceTree = "<group>"; };
		E026A59F2241271A00BACDB5 /* ios-appUITests.xctest */ = {isa = PBXFileReference; explicitFileType = wrapper.cfbundle; includeInIndex = 0; path = "ios-appUITests.xctest"; sourceTree = BUILT_PRODUCTS_DIR; };
		E026A5A32241271A00BACDB5 /* iosAppUITests.swift */ = {isa = PBXFileReference; lastKnownFileType = sourcecode.swift; path = iosAppUITests.swift; sourceTree = "<group>"; };
		E026A5A52241271A00BACDB5 /* Info.plist */ = {isa = PBXFileReference; lastKnownFileType = text.plist.xml; path = Info.plist; sourceTree = "<group>"; };
		E0AF3DE822413B7C00FDBFD1 /* MapViewController.swift */ = {isa = PBXFileReference; lastKnownFileType = sourcecode.swift; path = MapViewController.swift; sourceTree = "<group>"; };
		E0AF3DEA22413B9800FDBFD1 /* HomeViewController.swift */ = {isa = PBXFileReference; lastKnownFileType = sourcecode.swift; path = HomeViewController.swift; sourceTree = "<group>"; };
		E0AF3DF022413BF200FDBFD1 /* SettingsTableViewController.swift */ = {isa = PBXFileReference; lastKnownFileType = sourcecode.swift; path = SettingsTableViewController.swift; sourceTree = "<group>"; };
		E0AF3DF222413C1100FDBFD1 /* InfoTableViewController.swift */ = {isa = PBXFileReference; lastKnownFileType = sourcecode.swift; path = InfoTableViewController.swift; sourceTree = "<group>"; };
		E0AF3DF422413C2B00FDBFD1 /* StatisticsViewController.swift */ = {isa = PBXFileReference; lastKnownFileType = sourcecode.swift; path = StatisticsViewController.swift; sourceTree = "<group>"; };
		E0AF3DF922413C9500FDBFD1 /* HistoryTableViewController.swift */ = {isa = PBXFileReference; lastKnownFileType = sourcecode.swift; path = HistoryTableViewController.swift; sourceTree = "<group>"; };
		E0AF3DFC2241520A00FDBFD1 /* TermsAndConditionsViewController.swift */ = {isa = PBXFileReference; lastKnownFileType = sourcecode.swift; path = TermsAndConditionsViewController.swift; sourceTree = "<group>"; };
		E0B9A33422498127002AB640 /* MeasurementViewController.swift */ = {isa = PBXFileReference; lastKnownFileType = sourcecode.swift; path = MeasurementViewController.swift; sourceTree = "<group>"; };
		E0B9A3382249826E002AB640 /* SpeedMeasurementGaugeView.xib */ = {isa = PBXFileReference; lastKnownFileType = file.xib; path = SpeedMeasurementGaugeView.xib; sourceTree = "<group>"; };
		E0B9A33A224A5BCA002AB640 /* ProgressInfoBar.xib */ = {isa = PBXFileReference; lastKnownFileType = file.xib; path = ProgressInfoBar.xib; sourceTree = "<group>"; };
		E0B9A33D224A5C24002AB640 /* ProgressInfoBar.swift */ = {isa = PBXFileReference; lastKnownFileType = sourcecode.swift; path = ProgressInfoBar.swift; sourceTree = "<group>"; };
		E0B9A340224A5F85002AB640 /* GaugeProtocol.swift */ = {isa = PBXFileReference; lastKnownFileType = sourcecode.swift; path = GaugeProtocol.swift; sourceTree = "<group>"; };
		E0B9A342224A6017002AB640 /* AbstractTwoArcGaugeView.swift */ = {isa = PBXFileReference; lastKnownFileType = sourcecode.swift; path = AbstractTwoArcGaugeView.swift; sourceTree = "<group>"; };
		E0B9A344224A61DB002AB640 /* SpeedMeasurementGauge.swift */ = {isa = PBXFileReference; lastKnownFileType = sourcecode.swift; path = SpeedMeasurementGauge.swift; sourceTree = "<group>"; };
		E0B9A346224A62A3002AB640 /* CoreGraphicsHelper.swift */ = {isa = PBXFileReference; lastKnownFileType = sourcecode.swift; path = CoreGraphicsHelper.swift; sourceTree = "<group>"; };
		E0B9A349224A81CE002AB640 /* UIColor+RGB.swift */ = {isa = PBXFileReference; lastKnownFileType = sourcecode.swift; path = "UIColor+RGB.swift"; sourceTree = "<group>"; };
		E0B9A34B224A866C002AB640 /* CoreGraphicsHelper+DrawCenteredTextOnArc.swift */ = {isa = PBXFileReference; lastKnownFileType = sourcecode.swift; path = "CoreGraphicsHelper+DrawCenteredTextOnArc.swift"; sourceTree = "<group>"; };
		E0B9A34D224A8938002AB640 /* SpeedMeasurementGaugeView.swift */ = {isa = PBXFileReference; lastKnownFileType = sourcecode.swift; path = SpeedMeasurementGaugeView.swift; sourceTree = "<group>"; };
		E0B9A350224A8F65002AB640 /* NibView.swift */ = {isa = PBXFileReference; lastKnownFileType = sourcecode.swift; path = NibView.swift; sourceTree = "<group>"; };
		E0B9A352224A906E002AB640 /* CircularButton.swift */ = {isa = PBXFileReference; lastKnownFileType = sourcecode.swift; path = CircularButton.swift; sourceTree = "<group>"; };
		E0B9A354224AAC09002AB640 /* CustomNavigationBarViewController.swift */ = {isa = PBXFileReference; lastKnownFileType = sourcecode.swift; path = CustomNavigationBarViewController.swift; sourceTree = "<group>"; };
		E0B9A356224AAD62002AB640 /* HomeScreenDeviceInformationView.xib */ = {isa = PBXFileReference; lastKnownFileType = file.xib; path = HomeScreenDeviceInformationView.xib; sourceTree = "<group>"; };
		E0B9A358224AB092002AB640 /* HomeScreenDeviceInformationView.swift */ = {isa = PBXFileReference; lastKnownFileType = sourcecode.swift; path = HomeScreenDeviceInformationView.swift; sourceTree = "<group>"; };
		E0B9A35A224AB2FE002AB640 /* HomeScreenMeasurementPeerSelectionView.swift */ = {isa = PBXFileReference; lastKnownFileType = sourcecode.swift; path = HomeScreenMeasurementPeerSelectionView.swift; sourceTree = "<group>"; };
		E0B9A35C224AB335002AB640 /* HomeScreenMeasurementPeerSelectionView.xib */ = {isa = PBXFileReference; lastKnownFileType = file.xib; path = HomeScreenMeasurementPeerSelectionView.xib; sourceTree = "<group>"; };
		E0B9A35E224AB835002AB640 /* SpeedMeasurementBasicResultView.xib */ = {isa = PBXFileReference; lastKnownFileType = file.xib; path = SpeedMeasurementBasicResultView.xib; sourceTree = "<group>"; };
		E0B9A360224AB850002AB640 /* SpeedMeasurementBasicResultView.swift */ = {isa = PBXFileReference; lastKnownFileType = sourcecode.swift; path = SpeedMeasurementBasicResultView.swift; sourceTree = "<group>"; };
		E0B9A366224ABD25002AB640 /* QoSGroupProgressCell.swift */ = {isa = PBXFileReference; lastKnownFileType = sourcecode.swift; path = QoSGroupProgressCell.swift; sourceTree = "<group>"; };
		E0B9A36A224B812A002AB640 /* TermsAndConditionsInfoViewController.swift */ = {isa = PBXFileReference; lastKnownFileType = sourcecode.swift; path = TermsAndConditionsInfoViewController.swift; sourceTree = "<group>"; };
		E0B9A36C224B9603002AB640 /* TermsAndConditionsView.swift */ = {isa = PBXFileReference; lastKnownFileType = sourcecode.swift; path = TermsAndConditionsView.swift; sourceTree = "<group>"; };
		E0B9A36E224B96EF002AB640 /* UIView+InsertContentView.swift */ = {isa = PBXFileReference; lastKnownFileType = sourcecode.swift; path = "UIView+InsertContentView.swift"; sourceTree = "<group>"; };
		E0B9A370224B9A66002AB640 /* QoSMeasurementViewController.swift */ = {isa = PBXFileReference; lastKnownFileType = sourcecode.swift; path = QoSMeasurementViewController.swift; sourceTree = "<group>"; };
		E0B9A372224B9CD0002AB640 /* QoSProgressView.swift */ = {isa = PBXFileReference; lastKnownFileType = sourcecode.swift; path = QoSProgressView.swift; sourceTree = "<group>"; };
		E0B9A374224C01FD002AB640 /* berec-icons.ttf */ = {isa = PBXFileReference; lastKnownFileType = file; path = "berec-icons.ttf"; sourceTree = "<group>"; };
		E0B9A376224C06A9002AB640 /* IconFont.swift */ = {isa = PBXFileReference; lastKnownFileType = sourcecode.swift; path = IconFont.swift; sourceTree = "<group>"; };
		E0B9A378224C0802002AB640 /* UIKit+IconFont.swift */ = {isa = PBXFileReference; lastKnownFileType = sourcecode.swift; path = "UIKit+IconFont.swift"; sourceTree = "<group>"; };
		E0B9A37C224C1349002AB640 /* UIViewController+WebBrowser.swift */ = {isa = PBXFileReference; lastKnownFileType = sourcecode.swift; path = "UIViewController+WebBrowser.swift"; sourceTree = "<group>"; };
/* End PBXFileReference section */

/* Begin PBXFrameworksBuildPhase section */
		E026A57B2241271700BACDB5 /* Frameworks */ = {
			isa = PBXFrameworksBuildPhase;
			buildActionMask = 2147483647;
			files = (
				E860F5CA7C59FD468EEE2892 /* Pods_All_ios_app.framework in Frameworks */,
			);
			runOnlyForDeploymentPostprocessing = 0;
		};
		E026A5912241271A00BACDB5 /* Frameworks */ = {
			isa = PBXFrameworksBuildPhase;
			buildActionMask = 2147483647;
			files = (
			);
			runOnlyForDeploymentPostprocessing = 0;
		};
		E026A59C2241271A00BACDB5 /* Frameworks */ = {
			isa = PBXFrameworksBuildPhase;
			buildActionMask = 2147483647;
			files = (
			);
			runOnlyForDeploymentPostprocessing = 0;
		};
/* End PBXFrameworksBuildPhase section */

/* Begin PBXGroup section */
		079EDD6E7ED1FFEDDB44051A /* Pods */ = {
			isa = PBXGroup;
			children = (
				9A7B01F143D9A74599DAC596 /* Pods-All-ios-app.debug.xcconfig */,
				D329819C8E115D34CA521957 /* Pods-All-ios-app.release.xcconfig */,
			);
			path = Pods;
			sourceTree = "<group>";
		};
		86A4812220B29B87F1E5A1BD /* Frameworks */ = {
			isa = PBXGroup;
			children = (
				91316B94C5B307833124DBA0 /* Pods_All_ios_app.framework */,
			);
			name = Frameworks;
			sourceTree = "<group>";
		};
		E026A5752241271700BACDB5 = {
			isa = PBXGroup;
			children = (
				E026A5802241271700BACDB5 /* ios-app */,
				E026A5972241271A00BACDB5 /* ios-appTests */,
				E026A5A22241271A00BACDB5 /* ios-appUITests */,
				E026A57F2241271700BACDB5 /* Products */,
				079EDD6E7ED1FFEDDB44051A /* Pods */,
				86A4812220B29B87F1E5A1BD /* Frameworks */,
			);
			sourceTree = "<group>";
		};
		E026A57F2241271700BACDB5 /* Products */ = {
			isa = PBXGroup;
			children = (
				E026A57E2241271700BACDB5 /* ios-app.app */,
				E026A5942241271A00BACDB5 /* ios-appTests.xctest */,
				E026A59F2241271A00BACDB5 /* ios-appUITests.xctest */,
			);
			name = Products;
			sourceTree = "<group>";
		};
		E026A5802241271700BACDB5 /* ios-app */ = {
			isa = PBXGroup;
			children = (
				E0B9A369224AD6E8002AB640 /* Configuration */,
				E026A5B32241338800BACDB5 /* Sources */,
				E026A5B42241339900BACDB5 /* Resources */,
			);
			path = "ios-app";
			sourceTree = "<group>";
		};
		E026A5972241271A00BACDB5 /* ios-appTests */ = {
			isa = PBXGroup;
			children = (
				E026A5982241271A00BACDB5 /* iosAppTests.swift */,
				E026A59A2241271A00BACDB5 /* Info.plist */,
			);
			path = "ios-appTests";
			sourceTree = "<group>";
		};
		E026A5A22241271A00BACDB5 /* ios-appUITests */ = {
			isa = PBXGroup;
			children = (
				E026A5A32241271A00BACDB5 /* iosAppUITests.swift */,
				E026A5A52241271A00BACDB5 /* Info.plist */,
			);
			path = "ios-appUITests";
			sourceTree = "<group>";
		};
		E026A5B2224132B100BACDB5 /* Map */ = {
			isa = PBXGroup;
			children = (
				E0AF3DE822413B7C00FDBFD1 /* MapViewController.swift */,
			);
			path = Map;
			sourceTree = "<group>";
		};
		E026A5B32241338800BACDB5 /* Sources */ = {
			isa = PBXGroup;
			children = (
				E026A5812241271700BACDB5 /* AppDelegate.swift */,
				E0B9A348224A81BB002AB640 /* Utilities */,
				E026A5B72241347B00BACDB5 /* Home */,
				E0AF3DEC22413BB900FDBFD1 /* History */,
				E026A5B2224132B100BACDB5 /* Map */,
				E0AF3DED22413BC000FDBFD1 /* Statistics */,
				E0AF3DEE22413BC800FDBFD1 /* Info */,
				E0AF3DEF22413BCD00FDBFD1 /* Settings */,
			);
			path = Sources;
			sourceTree = "<group>";
		};
		E026A5B42241339900BACDB5 /* Resources */ = {
			isa = PBXGroup;
			children = (
				E0B9A374224C01FD002AB640 /* berec-icons.ttf */,
				E026A58A2241271900BACDB5 /* Assets.xcassets */,
				E026A5872241271700BACDB5 /* Main.storyboard */,
				E026A58C2241271900BACDB5 /* LaunchScreen.storyboard */,
				E0B9A33A224A5BCA002AB640 /* ProgressInfoBar.xib */,
				E0B9A3382249826E002AB640 /* SpeedMeasurementGaugeView.xib */,
				E0B9A356224AAD62002AB640 /* HomeScreenDeviceInformationView.xib */,
				E0B9A35C224AB335002AB640 /* HomeScreenMeasurementPeerSelectionView.xib */,
				E0B9A35E224AB835002AB640 /* SpeedMeasurementBasicResultView.xib */,
			);
			path = Resources;
			sourceTree = "<group>";
		};
		E026A5B72241347B00BACDB5 /* Home */ = {
			isa = PBXGroup;
			children = (
				E0B9A354224AAC09002AB640 /* CustomNavigationBarViewController.swift */,
				E0AF3DEA22413B9800FDBFD1 /* HomeViewController.swift */,
				E0B9A33C224A5C16002AB640 /* Views */,
				E0B9A33322498110002AB640 /* Measurement */,
				E0AF3DFB224151EE00FDBFD1 /* TermsAndConditions */,
			);
			path = Home;
			sourceTree = "<group>";
		};
		E0AF3DEC22413BB900FDBFD1 /* History */ = {
			isa = PBXGroup;
			children = (
				E0AF3DF922413C9500FDBFD1 /* HistoryTableViewController.swift */,
			);
			path = History;
			sourceTree = "<group>";
		};
		E0AF3DED22413BC000FDBFD1 /* Statistics */ = {
			isa = PBXGroup;
			children = (
				E0AF3DF422413C2B00FDBFD1 /* StatisticsViewController.swift */,
			);
			path = Statistics;
			sourceTree = "<group>";
		};
		E0AF3DEE22413BC800FDBFD1 /* Info */ = {
			isa = PBXGroup;
			children = (
				E0AF3DF222413C1100FDBFD1 /* InfoTableViewController.swift */,
				E0B9A36A224B812A002AB640 /* TermsAndConditionsInfoViewController.swift */,
			);
			path = Info;
			sourceTree = "<group>";
		};
		E0AF3DEF22413BCD00FDBFD1 /* Settings */ = {
			isa = PBXGroup;
			children = (
				E0AF3DF022413BF200FDBFD1 /* SettingsTableViewController.swift */,
			);
			path = Settings;
			sourceTree = "<group>";
		};
		E0AF3DFB224151EE00FDBFD1 /* TermsAndConditions */ = {
			isa = PBXGroup;
			children = (
				E0AF3DFC2241520A00FDBFD1 /* TermsAndConditionsViewController.swift */,
			);
			path = TermsAndConditions;
			sourceTree = "<group>";
		};
		E0B9A33322498110002AB640 /* Measurement */ = {
			isa = PBXGroup;
			children = (
				E0B9A33422498127002AB640 /* MeasurementViewController.swift */,
				E0B9A370224B9A66002AB640 /* QoSMeasurementViewController.swift */,
			);
			path = Measurement;
			sourceTree = "<group>";
		};
		E0B9A33C224A5C16002AB640 /* Views */ = {
			isa = PBXGroup;
			children = (
				E0B9A33F224A5F5E002AB640 /* Gauge */,
				E0B9A33D224A5C24002AB640 /* ProgressInfoBar.swift */,
				E0B9A34D224A8938002AB640 /* SpeedMeasurementGaugeView.swift */,
				E0B9A352224A906E002AB640 /* CircularButton.swift */,
				E0B9A358224AB092002AB640 /* HomeScreenDeviceInformationView.swift */,
				E0B9A35A224AB2FE002AB640 /* HomeScreenMeasurementPeerSelectionView.swift */,
				E0B9A360224AB850002AB640 /* SpeedMeasurementBasicResultView.swift */,
				E0B9A372224B9CD0002AB640 /* QoSProgressView.swift */,
			);
			path = Views;
			sourceTree = "<group>";
		};
		E0B9A33F224A5F5E002AB640 /* Gauge */ = {
			isa = PBXGroup;
			children = (
				E0B9A340224A5F85002AB640 /* GaugeProtocol.swift */,
				E0B9A342224A6017002AB640 /* AbstractTwoArcGaugeView.swift */,
				E0B9A344224A61DB002AB640 /* SpeedMeasurementGauge.swift */,
				E0B9A346224A62A3002AB640 /* CoreGraphicsHelper.swift */,
				E0B9A34B224A866C002AB640 /* CoreGraphicsHelper+DrawCenteredTextOnArc.swift */,
				E0B9A366224ABD25002AB640 /* QoSGroupProgressCell.swift */,
			);
			path = Gauge;
			sourceTree = "<group>";
		};
		E0B9A348224A81BB002AB640 /* Utilities */ = {
			isa = PBXGroup;
			children = (
				E0B9A349224A81CE002AB640 /* UIColor+RGB.swift */,
				E0B9A350224A8F65002AB640 /* NibView.swift */,
				E0B9A36C224B9603002AB640 /* TermsAndConditionsView.swift */,
				E0B9A36E224B96EF002AB640 /* UIView+InsertContentView.swift */,
				E0B9A376224C06A9002AB640 /* IconFont.swift */,
				E0B9A378224C0802002AB640 /* UIKit+IconFont.swift */,
				E0B9A37C224C1349002AB640 /* UIViewController+WebBrowser.swift */,
			);
			path = Utilities;
			sourceTree = "<group>";
		};
		E0B9A369224AD6E8002AB640 /* Configuration */ = {
			isa = PBXGroup;
			children = (
				E026A58F2241271900BACDB5 /* Info.plist */,
			);
			path = Configuration;
			sourceTree = "<group>";
		};
/* End PBXGroup section */

/* Begin PBXNativeTarget section */
		E026A57D2241271700BACDB5 /* ios-app */ = {
			isa = PBXNativeTarget;
			buildConfigurationList = E026A5A82241271A00BACDB5 /* Build configuration list for PBXNativeTarget "ios-app" */;
			buildPhases = (
				1AB73F8B8DD73C0088EF14CF /* [CP] Check Pods Manifest.lock */,
				E026A57A2241271700BACDB5 /* Sources */,
				E026A57B2241271700BACDB5 /* Frameworks */,
				E026A57C2241271700BACDB5 /* Resources */,
				E0B9A33222495BBB002AB640 /* Run swiftlint */,
				4FCF19EEF58E6B3991550D89 /* [CP] Embed Pods Frameworks */,
			);
			buildRules = (
			);
			dependencies = (
			);
			name = "ios-app";
			productName = "ios-app";
			productReference = E026A57E2241271700BACDB5 /* ios-app.app */;
			productType = "com.apple.product-type.application";
		};
		E026A5932241271A00BACDB5 /* ios-appTests */ = {
			isa = PBXNativeTarget;
			buildConfigurationList = E026A5AB2241271A00BACDB5 /* Build configuration list for PBXNativeTarget "ios-appTests" */;
			buildPhases = (
				E026A5902241271A00BACDB5 /* Sources */,
				E026A5912241271A00BACDB5 /* Frameworks */,
				E026A5922241271A00BACDB5 /* Resources */,
			);
			buildRules = (
			);
			dependencies = (
				E026A5962241271A00BACDB5 /* PBXTargetDependency */,
			);
			name = "ios-appTests";
			productName = "ios-appTests";
			productReference = E026A5942241271A00BACDB5 /* ios-appTests.xctest */;
			productType = "com.apple.product-type.bundle.unit-test";
		};
		E026A59E2241271A00BACDB5 /* ios-appUITests */ = {
			isa = PBXNativeTarget;
			buildConfigurationList = E026A5AE2241271A00BACDB5 /* Build configuration list for PBXNativeTarget "ios-appUITests" */;
			buildPhases = (
				E026A59B2241271A00BACDB5 /* Sources */,
				E026A59C2241271A00BACDB5 /* Frameworks */,
				E026A59D2241271A00BACDB5 /* Resources */,
			);
			buildRules = (
			);
			dependencies = (
				E026A5A12241271A00BACDB5 /* PBXTargetDependency */,
			);
			name = "ios-appUITests";
			productName = "ios-appUITests";
			productReference = E026A59F2241271A00BACDB5 /* ios-appUITests.xctest */;
			productType = "com.apple.product-type.bundle.ui-testing";
		};
/* End PBXNativeTarget section */

/* Begin PBXProject section */
		E026A5762241271700BACDB5 /* Project object */ = {
			isa = PBXProject;
			attributes = {
				LastSwiftUpdateCheck = 1010;
				LastUpgradeCheck = 1010;
				ORGANIZATIONNAME = "alladin-IT GmbH";
				TargetAttributes = {
					E026A57D2241271700BACDB5 = {
						CreatedOnToolsVersion = 10.1;
						LastSwiftMigration = 1020;
					};
					E026A5932241271A00BACDB5 = {
						CreatedOnToolsVersion = 10.1;
						LastSwiftMigration = 1020;
						TestTargetID = E026A57D2241271700BACDB5;
					};
					E026A59E2241271A00BACDB5 = {
						CreatedOnToolsVersion = 10.1;
						LastSwiftMigration = 1020;
						TestTargetID = E026A57D2241271700BACDB5;
					};
				};
			};
			buildConfigurationList = E026A5792241271700BACDB5 /* Build configuration list for PBXProject "ios-app" */;
			compatibilityVersion = "Xcode 9.3";
			developmentRegion = en;
			hasScannedForEncodings = 0;
			knownRegions = (
				en,
				Base,
			);
			mainGroup = E026A5752241271700BACDB5;
			productRefGroup = E026A57F2241271700BACDB5 /* Products */;
			projectDirPath = "";
			projectRoot = "";
			targets = (
				E026A57D2241271700BACDB5 /* ios-app */,
				E026A5932241271A00BACDB5 /* ios-appTests */,
				E026A59E2241271A00BACDB5 /* ios-appUITests */,
			);
		};
/* End PBXProject section */

/* Begin PBXResourcesBuildPhase section */
		E026A57C2241271700BACDB5 /* Resources */ = {
			isa = PBXResourcesBuildPhase;
			buildActionMask = 2147483647;
			files = (
				E0B9A357224AAD62002AB640 /* HomeScreenDeviceInformationView.xib in Resources */,
				E026A58E2241271900BACDB5 /* LaunchScreen.storyboard in Resources */,
				E0B9A35D224AB335002AB640 /* HomeScreenMeasurementPeerSelectionView.xib in Resources */,
				E0B9A33B224A5BCA002AB640 /* ProgressInfoBar.xib in Resources */,
				E0B9A3392249826E002AB640 /* SpeedMeasurementGaugeView.xib in Resources */,
				E026A58B2241271900BACDB5 /* Assets.xcassets in Resources */,
				E026A5892241271700BACDB5 /* Main.storyboard in Resources */,
				E0B9A35F224AB835002AB640 /* SpeedMeasurementBasicResultView.xib in Resources */,
				E0B9A375224C01FD002AB640 /* berec-icons.ttf in Resources */,
			);
			runOnlyForDeploymentPostprocessing = 0;
		};
		E026A5922241271A00BACDB5 /* Resources */ = {
			isa = PBXResourcesBuildPhase;
			buildActionMask = 2147483647;
			files = (
			);
			runOnlyForDeploymentPostprocessing = 0;
		};
		E026A59D2241271A00BACDB5 /* Resources */ = {
			isa = PBXResourcesBuildPhase;
			buildActionMask = 2147483647;
			files = (
			);
			runOnlyForDeploymentPostprocessing = 0;
		};
/* End PBXResourcesBuildPhase section */

/* Begin PBXShellScriptBuildPhase section */
		1AB73F8B8DD73C0088EF14CF /* [CP] Check Pods Manifest.lock */ = {
			isa = PBXShellScriptBuildPhase;
			buildActionMask = 2147483647;
			files = (
			);
			inputFileListPaths = (
			);
			inputPaths = (
				"${PODS_PODFILE_DIR_PATH}/Podfile.lock",
				"${PODS_ROOT}/Manifest.lock",
			);
			name = "[CP] Check Pods Manifest.lock";
			outputFileListPaths = (
			);
			outputPaths = (
				"$(DERIVED_FILE_DIR)/Pods-All-ios-app-checkManifestLockResult.txt",
			);
			runOnlyForDeploymentPostprocessing = 0;
			shellPath = /bin/sh;
			shellScript = "diff \"${PODS_PODFILE_DIR_PATH}/Podfile.lock\" \"${PODS_ROOT}/Manifest.lock\" > /dev/null\nif [ $? != 0 ] ; then\n    # print error to STDERR\n    echo \"error: The sandbox is not in sync with the Podfile.lock. Run 'pod install' or update your CocoaPods installation.\" >&2\n    exit 1\nfi\n# This output is used by Xcode 'outputs' to avoid re-running this script phase.\necho \"SUCCESS\" > \"${SCRIPT_OUTPUT_FILE_0}\"\n";
			showEnvVarsInLog = 0;
		};
		4FCF19EEF58E6B3991550D89 /* [CP] Embed Pods Frameworks */ = {
			isa = PBXShellScriptBuildPhase;
			buildActionMask = 2147483647;
			files = (
			);
			inputFileListPaths = (
			);
			inputPaths = (
				"${PODS_ROOT}/Target Support Files/Pods-All-ios-app/Pods-All-ios-app-frameworks.sh",
				"${BUILT_PRODUCTS_DIR}/Alamofire/Alamofire.framework",
				"${BUILT_PRODUCTS_DIR}/AlamofireObjectMapper/AlamofireObjectMapper.framework",
				"${BUILT_PRODUCTS_DIR}/ObjcExceptionBridging/ObjcExceptionBridging.framework",
				"${BUILT_PRODUCTS_DIR}/ObjectMapper/ObjectMapper.framework",
				"${BUILT_PRODUCTS_DIR}/WebBrowser/WebBrowser.framework",
				"${BUILT_PRODUCTS_DIR}/XCGLogger/XCGLogger.framework",
			);
			name = "[CP] Embed Pods Frameworks";
			outputFileListPaths = (
			);
			outputPaths = (
				"${TARGET_BUILD_DIR}/${FRAMEWORKS_FOLDER_PATH}/Alamofire.framework",
				"${TARGET_BUILD_DIR}/${FRAMEWORKS_FOLDER_PATH}/AlamofireObjectMapper.framework",
				"${TARGET_BUILD_DIR}/${FRAMEWORKS_FOLDER_PATH}/ObjcExceptionBridging.framework",
				"${TARGET_BUILD_DIR}/${FRAMEWORKS_FOLDER_PATH}/ObjectMapper.framework",
				"${TARGET_BUILD_DIR}/${FRAMEWORKS_FOLDER_PATH}/WebBrowser.framework",
				"${TARGET_BUILD_DIR}/${FRAMEWORKS_FOLDER_PATH}/XCGLogger.framework",
			);
			runOnlyForDeploymentPostprocessing = 0;
			shellPath = /bin/sh;
			shellScript = "\"${PODS_ROOT}/Target Support Files/Pods-All-ios-app/Pods-All-ios-app-frameworks.sh\"\n";
			showEnvVarsInLog = 0;
		};
		E0B9A33222495BBB002AB640 /* Run swiftlint */ = {
			isa = PBXShellScriptBuildPhase;
			buildActionMask = 2147483647;
			files = (
			);
			inputFileListPaths = (
			);
			inputPaths = (
			);
			name = "Run swiftlint";
			outputFileListPaths = (
			);
			outputPaths = (
			);
			runOnlyForDeploymentPostprocessing = 0;
			shellPath = /bin/sh;
			shellScript = "if which ${PODS_ROOT}/SwiftLint/swiftlint >/dev/null; then\n    ${PODS_ROOT}/SwiftLint/swiftlint\nelse\n    echo \"warning: SwiftLint is not installed, run pod install.\"\nfi\n";
		};
/* End PBXShellScriptBuildPhase section */

/* Begin PBXSourcesBuildPhase section */
		E026A57A2241271700BACDB5 /* Sources */ = {
			isa = PBXSourcesBuildPhase;
			buildActionMask = 2147483647;
			files = (
				E0B9A379224C0802002AB640 /* UIKit+IconFont.swift in Sources */,
				E0AF3DEB22413B9800FDBFD1 /* HomeViewController.swift in Sources */,
				E0B9A373224B9CD0002AB640 /* QoSProgressView.swift in Sources */,
				E0B9A345224A61DB002AB640 /* SpeedMeasurementGauge.swift in Sources */,
				E0B9A359224AB092002AB640 /* HomeScreenDeviceInformationView.swift in Sources */,
				E0B9A343224A6017002AB640 /* AbstractTwoArcGaugeView.swift in Sources */,
				E0B9A351224A8F65002AB640 /* NibView.swift in Sources */,
				E026A5822241271700BACDB5 /* AppDelegate.swift in Sources */,
				E0B9A36B224B812A002AB640 /* TermsAndConditionsInfoViewController.swift in Sources */,
				E0B9A371224B9A66002AB640 /* QoSMeasurementViewController.swift in Sources */,
				E0AF3DFA22413C9500FDBFD1 /* HistoryTableViewController.swift in Sources */,
				E0B9A35B224AB2FE002AB640 /* HomeScreenMeasurementPeerSelectionView.swift in Sources */,
				E0B9A34A224A81CE002AB640 /* UIColor+RGB.swift in Sources */,
				E0AF3DF522413C2B00FDBFD1 /* StatisticsViewController.swift in Sources */,
				E0B9A36D224B9603002AB640 /* TermsAndConditionsView.swift in Sources */,
				E0B9A353224A906E002AB640 /* CircularButton.swift in Sources */,
				E0B9A361224AB850002AB640 /* SpeedMeasurementBasicResultView.swift in Sources */,
				E0B9A34E224A8938002AB640 /* SpeedMeasurementGaugeView.swift in Sources */,
				E0B9A36F224B96EF002AB640 /* UIView+InsertContentView.swift in Sources */,
				E0AF3DFD2241520A00FDBFD1 /* TermsAndConditionsViewController.swift in Sources */,
				E0B9A341224A5F85002AB640 /* GaugeProtocol.swift in Sources */,
				E0AF3DF322413C1100FDBFD1 /* InfoTableViewController.swift in Sources */,
				E0B9A367224ABD25002AB640 /* QoSGroupProgressCell.swift in Sources */,
				E0B9A37D224C1349002AB640 /* UIViewController+WebBrowser.swift in Sources */,
				E0B9A34C224A866C002AB640 /* CoreGraphicsHelper+DrawCenteredTextOnArc.swift in Sources */,
				E0B9A33522498127002AB640 /* MeasurementViewController.swift in Sources */,
				E0AF3DE922413B7C00FDBFD1 /* MapViewController.swift in Sources */,
				E0B9A347224A62A3002AB640 /* CoreGraphicsHelper.swift in Sources */,
				E0B9A377224C06A9002AB640 /* IconFont.swift in Sources */,
				E0B9A355224AAC09002AB640 /* CustomNavigationBarViewController.swift in Sources */,
				E0B9A33E224A5C24002AB640 /* ProgressInfoBar.swift in Sources */,
				E0AF3DF122413BF200FDBFD1 /* SettingsTableViewController.swift in Sources */,
			);
			runOnlyForDeploymentPostprocessing = 0;
		};
		E026A5902241271A00BACDB5 /* Sources */ = {
			isa = PBXSourcesBuildPhase;
			buildActionMask = 2147483647;
			files = (
				E026A5992241271A00BACDB5 /* iosAppTests.swift in Sources */,
			);
			runOnlyForDeploymentPostprocessing = 0;
		};
		E026A59B2241271A00BACDB5 /* Sources */ = {
			isa = PBXSourcesBuildPhase;
			buildActionMask = 2147483647;
			files = (
				E026A5A42241271A00BACDB5 /* iosAppUITests.swift in Sources */,
			);
			runOnlyForDeploymentPostprocessing = 0;
		};
/* End PBXSourcesBuildPhase section */

/* Begin PBXTargetDependency section */
		E026A5962241271A00BACDB5 /* PBXTargetDependency */ = {
			isa = PBXTargetDependency;
			target = E026A57D2241271700BACDB5 /* ios-app */;
			targetProxy = E026A5952241271A00BACDB5 /* PBXContainerItemProxy */;
		};
		E026A5A12241271A00BACDB5 /* PBXTargetDependency */ = {
			isa = PBXTargetDependency;
			target = E026A57D2241271700BACDB5 /* ios-app */;
			targetProxy = E026A5A02241271A00BACDB5 /* PBXContainerItemProxy */;
		};
/* End PBXTargetDependency section */

/* Begin PBXVariantGroup section */
		E026A5872241271700BACDB5 /* Main.storyboard */ = {
			isa = PBXVariantGroup;
			children = (
				E026A5882241271700BACDB5 /* Base */,
			);
			name = Main.storyboard;
			sourceTree = "<group>";
		};
		E026A58C2241271900BACDB5 /* LaunchScreen.storyboard */ = {
			isa = PBXVariantGroup;
			children = (
				E026A58D2241271900BACDB5 /* Base */,
			);
			name = LaunchScreen.storyboard;
			sourceTree = "<group>";
		};
/* End PBXVariantGroup section */

/* Begin XCBuildConfiguration section */
		E026A5A62241271A00BACDB5 /* Debug */ = {
			isa = XCBuildConfiguration;
			buildSettings = {
				ALWAYS_SEARCH_USER_PATHS = NO;
				CLANG_ANALYZER_NONNULL = YES;
				CLANG_ANALYZER_NUMBER_OBJECT_CONVERSION = YES_AGGRESSIVE;
				CLANG_CXX_LANGUAGE_STANDARD = "gnu++14";
				CLANG_CXX_LIBRARY = "libc++";
				CLANG_ENABLE_MODULES = YES;
				CLANG_ENABLE_OBJC_ARC = YES;
				CLANG_ENABLE_OBJC_WEAK = YES;
				CLANG_WARN_BLOCK_CAPTURE_AUTORELEASING = YES;
				CLANG_WARN_BOOL_CONVERSION = YES;
				CLANG_WARN_COMMA = YES;
				CLANG_WARN_CONSTANT_CONVERSION = YES;
				CLANG_WARN_DEPRECATED_OBJC_IMPLEMENTATIONS = YES;
				CLANG_WARN_DIRECT_OBJC_ISA_USAGE = YES_ERROR;
				CLANG_WARN_DOCUMENTATION_COMMENTS = YES;
				CLANG_WARN_EMPTY_BODY = YES;
				CLANG_WARN_ENUM_CONVERSION = YES;
				CLANG_WARN_INFINITE_RECURSION = YES;
				CLANG_WARN_INT_CONVERSION = YES;
				CLANG_WARN_NON_LITERAL_NULL_CONVERSION = YES;
				CLANG_WARN_OBJC_IMPLICIT_RETAIN_SELF = YES;
				CLANG_WARN_OBJC_LITERAL_CONVERSION = YES;
				CLANG_WARN_OBJC_ROOT_CLASS = YES_ERROR;
				CLANG_WARN_RANGE_LOOP_ANALYSIS = YES;
				CLANG_WARN_STRICT_PROTOTYPES = YES;
				CLANG_WARN_SUSPICIOUS_MOVE = YES;
				CLANG_WARN_UNGUARDED_AVAILABILITY = YES_AGGRESSIVE;
				CLANG_WARN_UNREACHABLE_CODE = YES;
				CLANG_WARN__DUPLICATE_METHOD_MATCH = YES;
				CODE_SIGN_IDENTITY = "iPhone Developer";
				COPY_PHASE_STRIP = NO;
				DEBUG_INFORMATION_FORMAT = dwarf;
				ENABLE_BITCODE = NO;
				ENABLE_STRICT_OBJC_MSGSEND = YES;
				ENABLE_TESTABILITY = YES;
				GCC_C_LANGUAGE_STANDARD = gnu11;
				GCC_DYNAMIC_NO_PIC = NO;
				GCC_NO_COMMON_BLOCKS = YES;
				GCC_OPTIMIZATION_LEVEL = 0;
				GCC_PREPROCESSOR_DEFINITIONS = (
					"DEBUG=1",
					"$(inherited)",
				);
				GCC_WARN_64_TO_32_BIT_CONVERSION = YES;
				GCC_WARN_ABOUT_RETURN_TYPE = YES_ERROR;
				GCC_WARN_UNDECLARED_SELECTOR = YES;
				GCC_WARN_UNINITIALIZED_AUTOS = YES_AGGRESSIVE;
				GCC_WARN_UNUSED_FUNCTION = YES;
				GCC_WARN_UNUSED_VARIABLE = YES;
				IPHONEOS_DEPLOYMENT_TARGET = 10.0;
				MTL_ENABLE_DEBUG_INFO = INCLUDE_SOURCE;
				MTL_FAST_MATH = YES;
				ONLY_ACTIVE_ARCH = YES;
				SDKROOT = iphoneos;
				SWIFT_ACTIVE_COMPILATION_CONDITIONS = DEBUG;
				SWIFT_OPTIMIZATION_LEVEL = "-Onone";
			};
			name = Debug;
		};
		E026A5A72241271A00BACDB5 /* Release */ = {
			isa = XCBuildConfiguration;
			buildSettings = {
				ALWAYS_SEARCH_USER_PATHS = NO;
				CLANG_ANALYZER_NONNULL = YES;
				CLANG_ANALYZER_NUMBER_OBJECT_CONVERSION = YES_AGGRESSIVE;
				CLANG_CXX_LANGUAGE_STANDARD = "gnu++14";
				CLANG_CXX_LIBRARY = "libc++";
				CLANG_ENABLE_MODULES = YES;
				CLANG_ENABLE_OBJC_ARC = YES;
				CLANG_ENABLE_OBJC_WEAK = YES;
				CLANG_WARN_BLOCK_CAPTURE_AUTORELEASING = YES;
				CLANG_WARN_BOOL_CONVERSION = YES;
				CLANG_WARN_COMMA = YES;
				CLANG_WARN_CONSTANT_CONVERSION = YES;
				CLANG_WARN_DEPRECATED_OBJC_IMPLEMENTATIONS = YES;
				CLANG_WARN_DIRECT_OBJC_ISA_USAGE = YES_ERROR;
				CLANG_WARN_DOCUMENTATION_COMMENTS = YES;
				CLANG_WARN_EMPTY_BODY = YES;
				CLANG_WARN_ENUM_CONVERSION = YES;
				CLANG_WARN_INFINITE_RECURSION = YES;
				CLANG_WARN_INT_CONVERSION = YES;
				CLANG_WARN_NON_LITERAL_NULL_CONVERSION = YES;
				CLANG_WARN_OBJC_IMPLICIT_RETAIN_SELF = YES;
				CLANG_WARN_OBJC_LITERAL_CONVERSION = YES;
				CLANG_WARN_OBJC_ROOT_CLASS = YES_ERROR;
				CLANG_WARN_RANGE_LOOP_ANALYSIS = YES;
				CLANG_WARN_STRICT_PROTOTYPES = YES;
				CLANG_WARN_SUSPICIOUS_MOVE = YES;
				CLANG_WARN_UNGUARDED_AVAILABILITY = YES_AGGRESSIVE;
				CLANG_WARN_UNREACHABLE_CODE = YES;
				CLANG_WARN__DUPLICATE_METHOD_MATCH = YES;
				CODE_SIGN_IDENTITY = "iPhone Developer";
				COPY_PHASE_STRIP = NO;
				DEBUG_INFORMATION_FORMAT = "dwarf-with-dsym";
				ENABLE_BITCODE = NO;
				ENABLE_NS_ASSERTIONS = NO;
				ENABLE_STRICT_OBJC_MSGSEND = YES;
				GCC_C_LANGUAGE_STANDARD = gnu11;
				GCC_NO_COMMON_BLOCKS = YES;
				GCC_WARN_64_TO_32_BIT_CONVERSION = YES;
				GCC_WARN_ABOUT_RETURN_TYPE = YES_ERROR;
				GCC_WARN_UNDECLARED_SELECTOR = YES;
				GCC_WARN_UNINITIALIZED_AUTOS = YES_AGGRESSIVE;
				GCC_WARN_UNUSED_FUNCTION = YES;
				GCC_WARN_UNUSED_VARIABLE = YES;
				IPHONEOS_DEPLOYMENT_TARGET = 10.0;
				MTL_ENABLE_DEBUG_INFO = NO;
				MTL_FAST_MATH = YES;
				SDKROOT = iphoneos;
				SWIFT_COMPILATION_MODE = wholemodule;
				SWIFT_OPTIMIZATION_LEVEL = "-O";
				VALIDATE_PRODUCT = YES;
			};
			name = Release;
		};
		E026A5A92241271A00BACDB5 /* Debug */ = {
			isa = XCBuildConfiguration;
			baseConfigurationReference = 9A7B01F143D9A74599DAC596 /* Pods-All-ios-app.debug.xcconfig */;
			buildSettings = {
				ASSETCATALOG_COMPILER_APPICON_NAME = AppIcon;
				CODE_SIGN_STYLE = Manual;
				DEVELOPMENT_TEAM = "";
				INFOPLIST_FILE = "ios-app/Configuration/Info.plist";
				LD_RUNPATH_SEARCH_PATHS = (
					"$(inherited)",
					"@executable_path/Frameworks",
				);
				PRODUCT_BUNDLE_IDENTIFIER = "at.alladin.nettest.berec.ios-app";
				PRODUCT_NAME = "$(TARGET_NAME)";
				PROVISIONING_PROFILE_SPECIFIER = "";
				SWIFT_VERSION = 5.0;
				TARGETED_DEVICE_FAMILY = "1,2";
			};
			name = Debug;
		};
		E026A5AA2241271A00BACDB5 /* Release */ = {
			isa = XCBuildConfiguration;
			baseConfigurationReference = D329819C8E115D34CA521957 /* Pods-All-ios-app.release.xcconfig */;
			buildSettings = {
				ASSETCATALOG_COMPILER_APPICON_NAME = AppIcon;
				CODE_SIGN_STYLE = Manual;
				DEVELOPMENT_TEAM = "";
				INFOPLIST_FILE = "ios-app/Configuration/Info.plist";
				LD_RUNPATH_SEARCH_PATHS = (
					"$(inherited)",
					"@executable_path/Frameworks",
				);
				PRODUCT_BUNDLE_IDENTIFIER = "at.alladin.nettest.berec.ios-app";
				PRODUCT_NAME = "$(TARGET_NAME)";
				PROVISIONING_PROFILE_SPECIFIER = "";
				SWIFT_VERSION = 5.0;
				TARGETED_DEVICE_FAMILY = "1,2";
			};
			name = Release;
		};
		E026A5AC2241271A00BACDB5 /* Debug */ = {
			isa = XCBuildConfiguration;
			buildSettings = {
				ALWAYS_EMBED_SWIFT_STANDARD_LIBRARIES = YES;
				BUNDLE_LOADER = "$(TEST_HOST)";
				CODE_SIGN_STYLE = Automatic;
				INFOPLIST_FILE = "ios-appTests/Info.plist";
				LD_RUNPATH_SEARCH_PATHS = (
					"$(inherited)",
					"@executable_path/Frameworks",
					"@loader_path/Frameworks",
				);
				PRODUCT_BUNDLE_IDENTIFIER = "at.alladin.nettest.berec.ios-appTests";
				PRODUCT_NAME = "$(TARGET_NAME)";
				SWIFT_VERSION = 5.0;
				TARGETED_DEVICE_FAMILY = "1,2";
				TEST_HOST = "$(BUILT_PRODUCTS_DIR)/ios-app.app/ios-app";
			};
			name = Debug;
		};
		E026A5AD2241271A00BACDB5 /* Release */ = {
			isa = XCBuildConfiguration;
			buildSettings = {
				ALWAYS_EMBED_SWIFT_STANDARD_LIBRARIES = YES;
				BUNDLE_LOADER = "$(TEST_HOST)";
				CODE_SIGN_STYLE = Automatic;
				INFOPLIST_FILE = "ios-appTests/Info.plist";
				LD_RUNPATH_SEARCH_PATHS = (
					"$(inherited)",
					"@executable_path/Frameworks",
					"@loader_path/Frameworks",
				);
				PRODUCT_BUNDLE_IDENTIFIER = "at.alladin.nettest.berec.ios-appTests";
				PRODUCT_NAME = "$(TARGET_NAME)";
				SWIFT_VERSION = 5.0;
				TARGETED_DEVICE_FAMILY = "1,2";
				TEST_HOST = "$(BUILT_PRODUCTS_DIR)/ios-app.app/ios-app";
			};
			name = Release;
		};
		E026A5AF2241271A00BACDB5 /* Debug */ = {
			isa = XCBuildConfiguration;
			buildSettings = {
				ALWAYS_EMBED_SWIFT_STANDARD_LIBRARIES = YES;
				CODE_SIGN_STYLE = Automatic;
				INFOPLIST_FILE = "ios-appUITests/Info.plist";
				LD_RUNPATH_SEARCH_PATHS = (
					"$(inherited)",
					"@executable_path/Frameworks",
					"@loader_path/Frameworks",
				);
				PRODUCT_BUNDLE_IDENTIFIER = "at.alladin.nettest.berec.ios-appUITests";
				PRODUCT_NAME = "$(TARGET_NAME)";
				SWIFT_VERSION = 5.0;
				TARGETED_DEVICE_FAMILY = "1,2";
				TEST_TARGET_NAME = "ios-app";
			};
			name = Debug;
		};
		E026A5B02241271A00BACDB5 /* Release */ = {
			isa = XCBuildConfiguration;
			buildSettings = {
				ALWAYS_EMBED_SWIFT_STANDARD_LIBRARIES = YES;
				CODE_SIGN_STYLE = Automatic;
				INFOPLIST_FILE = "ios-appUITests/Info.plist";
				LD_RUNPATH_SEARCH_PATHS = (
					"$(inherited)",
					"@executable_path/Frameworks",
					"@loader_path/Frameworks",
				);
				PRODUCT_BUNDLE_IDENTIFIER = "at.alladin.nettest.berec.ios-appUITests";
				PRODUCT_NAME = "$(TARGET_NAME)";
				SWIFT_VERSION = 5.0;
				TARGETED_DEVICE_FAMILY = "1,2";
				TEST_TARGET_NAME = "ios-app";
			};
			name = Release;
		};
/* End XCBuildConfiguration section */

/* Begin XCConfigurationList section */
		E026A5792241271700BACDB5 /* Build configuration list for PBXProject "ios-app" */ = {
			isa = XCConfigurationList;
			buildConfigurations = (
				E026A5A62241271A00BACDB5 /* Debug */,
				E026A5A72241271A00BACDB5 /* Release */,
			);
			defaultConfigurationIsVisible = 0;
			defaultConfigurationName = Release;
		};
		E026A5A82241271A00BACDB5 /* Build configuration list for PBXNativeTarget "ios-app" */ = {
			isa = XCConfigurationList;
			buildConfigurations = (
				E026A5A92241271A00BACDB5 /* Debug */,
				E026A5AA2241271A00BACDB5 /* Release */,
			);
			defaultConfigurationIsVisible = 0;
			defaultConfigurationName = Release;
		};
		E026A5AB2241271A00BACDB5 /* Build configuration list for PBXNativeTarget "ios-appTests" */ = {
			isa = XCConfigurationList;
			buildConfigurations = (
				E026A5AC2241271A00BACDB5 /* Debug */,
				E026A5AD2241271A00BACDB5 /* Release */,
			);
			defaultConfigurationIsVisible = 0;
			defaultConfigurationName = Release;
		};
		E026A5AE2241271A00BACDB5 /* Build configuration list for PBXNativeTarget "ios-appUITests" */ = {
			isa = XCConfigurationList;
			buildConfigurations = (
				E026A5AF2241271A00BACDB5 /* Debug */,
				E026A5B02241271A00BACDB5 /* Release */,
			);
			defaultConfigurationIsVisible = 0;
			defaultConfigurationName = Release;
		};
/* End XCConfigurationList section */
	};
	rootObject = E026A5762241271700BACDB5 /* Project object */;
}
