PODS:
  - CodableJSON (1.2.0)
  - Nimble (8.0.5)
  - ObjcExceptionBridging (1.0.1):
    - ObjcExceptionBridging/ObjcExceptionBridging (= 1.0.1)
  - ObjcExceptionBridging/ObjcExceptionBridging (1.0.1)
  - Repeat (0.5.8)
  - SwiftLint (0.39.1)
  - XCGLogger (7.0.1):
    - XCGLogger/Core (= 7.0.1)
  - XCGLogger/Core (7.0.1):
    - ObjcExceptionBridging

DEPENDENCIES:
  - CodableJSON (~> 1.2.0)
  - Nimble (~> 8.0.5)
  - Repeat (~> 0.5.7)
  - SwiftLint (~> 0.39.1)
  - XCGLogger (~> 7.0.1)

SPEC REPOS:
  https://github.com/cocoapods/specs.git:
    - CodableJSON
    - Nimble
    - ObjcExceptionBridging
    - Repeat
    - SwiftLint
    - XCGLogger

SPEC CHECKSUMS:
  CodableJSON: 3e91bb0cead42e788d8fe64b8b07761c83ad7758
  Nimble: 4ab1aeb9b45553c75b9687196b0fa0713170a332
  ObjcExceptionBridging: c30e00eb3700467e695faeea30e26e18bd445001
  Repeat: 8e65710d09da68f06ed79e865b091ffdcc8d0279
  SwiftLint: 55e96a4a4d537d4a3156859fc1c54bd24851a046
  XCGLogger: 1943831ef907df55108b0b18657953f868de973b

PODFILE CHECKSUM: 28ef7245e5705af375b37a830794e27735cc1f1b

COCOAPODS: 1.7.3
